// !$*UTF8*$!
{
	archiveVersion = 1;
	classes = {
	};
	objectVersion = 46;
	objects = {

/* Begin PBXBuildFile section */
		1C1DC05A1952ECEB00AEA029 /* videoViewController.m in Sources */ = {isa = PBXBuildFile; fileRef = 1C1DC0591952ECEB00AEA029 /* videoViewController.m */; };
		1CBF423519502370007EBA4C /* NSData+MKBase64.m in Sources */ = {isa = PBXBuildFile; fileRef = 1CBF421B19502370007EBA4C /* NSData+MKBase64.m */; };
		1CBF423619502370007EBA4C /* NSDate+RFC1123.m in Sources */ = {isa = PBXBuildFile; fileRef = 1CBF421D19502370007EBA4C /* NSDate+RFC1123.m */; };
		1CBF423719502370007EBA4C /* NSDictionary+RequestEncoding.m in Sources */ = {isa = PBXBuildFile; fileRef = 1CBF421F19502370007EBA4C /* NSDictionary+RequestEncoding.m */; };
		1CBF423819502370007EBA4C /* NSString+MKNetworkKitAdditions.m in Sources */ = {isa = PBXBuildFile; fileRef = 1CBF422119502370007EBA4C /* NSString+MKNetworkKitAdditions.m */; };
		1CBF423919502370007EBA4C /* UIAlertView+MKNetworkKitAdditions.m in Sources */ = {isa = PBXBuildFile; fileRef = 1CBF422319502370007EBA4C /* UIAlertView+MKNetworkKitAdditions.m */; };
		1CBF423A19502370007EBA4C /* UIImageView+MKNetworkKitAdditions.m in Sources */ = {isa = PBXBuildFile; fileRef = 1CBF422519502370007EBA4C /* UIImageView+MKNetworkKitAdditions.m */; };
		1CBF423B19502370007EBA4C /* MKNetworkEngine.m in Sources */ = {isa = PBXBuildFile; fileRef = 1CBF422719502370007EBA4C /* MKNetworkEngine.m */; };
		1CBF423C19502370007EBA4C /* MKNetworkOperation.m in Sources */ = {isa = PBXBuildFile; fileRef = 1CBF422A19502370007EBA4C /* MKNetworkOperation.m */; };
		1CBF423E19502370007EBA4C /* VICCheckNetwork.m in Sources */ = {isa = PBXBuildFile; fileRef = 1CBF422F19502370007EBA4C /* VICCheckNetwork.m */; };
		1CBF423F19502370007EBA4C /* VICNetworkEngine.m in Sources */ = {isa = PBXBuildFile; fileRef = 1CBF423219502370007EBA4C /* VICNetworkEngine.m */; };
		1CBF424019502370007EBA4C /* VICNetworkOperation.m in Sources */ = {isa = PBXBuildFile; fileRef = 1CBF423419502370007EBA4C /* VICNetworkOperation.m */; };
		1CD57C75194FE72800FB647C /* Foundation.framework in Frameworks */ = {isa = PBXBuildFile; fileRef = 1CD57C74194FE72800FB647C /* Foundation.framework */; };
		1CD57C77194FE72800FB647C /* CoreGraphics.framework in Frameworks */ = {isa = PBXBuildFile; fileRef = 1CD57C76194FE72800FB647C /* CoreGraphics.framework */; };
		1CD57C79194FE72800FB647C /* UIKit.framework in Frameworks */ = {isa = PBXBuildFile; fileRef = 1CD57C78194FE72800FB647C /* UIKit.framework */; };
		1CD57C7F194FE72800FB647C /* InfoPlist.strings in Resources */ = {isa = PBXBuildFile; fileRef = 1CD57C7D194FE72800FB647C /* InfoPlist.strings */; };
		1CD57C81194FE72800FB647C /* main.m in Sources */ = {isa = PBXBuildFile; fileRef = 1CD57C80194FE72800FB647C /* main.m */; };
		1CD57C85194FE72800FB647C /* AppDelegate.m in Sources */ = {isa = PBXBuildFile; fileRef = 1CD57C84194FE72800FB647C /* AppDelegate.m */; };
		1CD57C88194FE72800FB647C /* Main.storyboard in Resources */ = {isa = PBXBuildFile; fileRef = 1CD57C86194FE72800FB647C /* Main.storyboard */; };
		1CD57C8B194FE72800FB647C /* ViewController.m in Sources */ = {isa = PBXBuildFile; fileRef = 1CD57C8A194FE72800FB647C /* ViewController.m */; };
		1CD57C8D194FE72800FB647C /* Images.xcassets in Resources */ = {isa = PBXBuildFile; fileRef = 1CD57C8C194FE72800FB647C /* Images.xcassets */; };
		1CD57C94194FE72800FB647C /* XCTest.framework in Frameworks */ = {isa = PBXBuildFile; fileRef = 1CD57C93194FE72800FB647C /* XCTest.framework */; };
		1CD57C95194FE72800FB647C /* Foundation.framework in Frameworks */ = {isa = PBXBuildFile; fileRef = 1CD57C74194FE72800FB647C /* Foundation.framework */; };
		1CD57C96194FE72800FB647C /* UIKit.framework in Frameworks */ = {isa = PBXBuildFile; fileRef = 1CD57C78194FE72800FB647C /* UIKit.framework */; };
		1CD57C9E194FE72800FB647C /* InfoPlist.strings in Resources */ = {isa = PBXBuildFile; fileRef = 1CD57C9C194FE72800FB647C /* InfoPlist.strings */; };
		1CD57CA0194FE72800FB647C /* youKuDemoTests.m in Sources */ = {isa = PBXBuildFile; fileRef = 1CD57C9F194FE72800FB647C /* youKuDemoTests.m */; };
		1CD57CAA194FE76600FB647C /* MediaPlayer.framework in Frameworks */ = {isa = PBXBuildFile; fileRef = 1CD57CA9194FE76600FB647C /* MediaPlayer.framework */; };
		1CD57D9E1950197F00FB647C /* libz.dylib in Frameworks */ = {isa = PBXBuildFile; fileRef = 1CD57D9D1950197F00FB647C /* libz.dylib */; };
		1CD57DA019501A3700FB647C /* CFNetwork.framework in Frameworks */ = {isa = PBXBuildFile; fileRef = 1CD57D9F19501A3700FB647C /* CFNetwork.framework */; };
		1CD57DA219501A4D00FB647C /* SystemConfiguration.framework in Frameworks */ = {isa = PBXBuildFile; fileRef = 1CD57DA119501A4D00FB647C /* SystemConfiguration.framework */; };
		1CD57DA419501A5900FB647C /* MobileCoreServices.framework in Frameworks */ = {isa = PBXBuildFile; fileRef = 1CD57DA319501A5900FB647C /* MobileCoreServices.framework */; };
		1CD57DA619501A8300FB647C /* libxml2.2.dylib in Frameworks */ = {isa = PBXBuildFile; fileRef = 1CD57DA519501A8300FB647C /* libxml2.2.dylib */; };
		1CD57E0B19501CD000FB647C /* YoukuUploader.m in Sources */ = {isa = PBXBuildFile; fileRef = 1CD57DAA19501CCF00FB647C /* YoukuUploader.m */; settings = {COMPILER_FLAGS = "-fno-objc-arc"; }; };
		1CD57E0C19501CD000FB647C /* ASIAuthenticationDialog.m in Sources */ = {isa = PBXBuildFile; fileRef = 1CD57DB019501CCF00FB647C /* ASIAuthenticationDialog.m */; settings = {COMPILER_FLAGS = "-fno-objc-arc"; }; };
		1CD57E0D19501CD000FB647C /* ASIDataCompressor.m in Sources */ = {isa = PBXBuildFile; fileRef = 1CD57DB319501CCF00FB647C /* ASIDataCompressor.m */; settings = {COMPILER_FLAGS = "-fno-objc-arc"; }; };
		1CD57E0E19501CD000FB647C /* ASIDataDecompressor.m in Sources */ = {isa = PBXBuildFile; fileRef = 1CD57DB519501CCF00FB647C /* ASIDataDecompressor.m */; settings = {COMPILER_FLAGS = "-fno-objc-arc"; }; };
		1CD57E0F19501CD000FB647C /* ASIDownloadCache.m in Sources */ = {isa = PBXBuildFile; fileRef = 1CD57DB719501CCF00FB647C /* ASIDownloadCache.m */; settings = {COMPILER_FLAGS = "-fno-objc-arc"; }; };
		1CD57E1019501CD000FB647C /* ASIFormDataRequest.m in Sources */ = {isa = PBXBuildFile; fileRef = 1CD57DB919501CCF00FB647C /* ASIFormDataRequest.m */; settings = {COMPILER_FLAGS = "-fno-objc-arc"; }; };
		1CD57E1119501CD000FB647C /* ASIHTTPRequest.m in Sources */ = {isa = PBXBuildFile; fileRef = 1CD57DBB19501CCF00FB647C /* ASIHTTPRequest.m */; settings = {COMPILER_FLAGS = "-fno-objc-arc"; }; };
		1CD57E1219501CD000FB647C /* ASIInputStream.m in Sources */ = {isa = PBXBuildFile; fileRef = 1CD57DBF19501CCF00FB647C /* ASIInputStream.m */; settings = {COMPILER_FLAGS = "-fno-objc-arc"; }; };
		1CD57E1319501CD000FB647C /* ASINetworkQueue.m in Sources */ = {isa = PBXBuildFile; fileRef = 1CD57DC119501CCF00FB647C /* ASINetworkQueue.m */; settings = {COMPILER_FLAGS = "-fno-objc-arc"; }; };
		1CD57E1419501CD000FB647C /* ASIWebPageRequest.m in Sources */ = {isa = PBXBuildFile; fileRef = 1CD57DC519501CCF00FB647C /* ASIWebPageRequest.m */; settings = {COMPILER_FLAGS = "-fno-objc-arc"; }; };
		1CD57E1519501CD000FB647C /* ASICloudFilesCDNRequest.m in Sources */ = {isa = PBXBuildFile; fileRef = 1CD57DC819501CCF00FB647C /* ASICloudFilesCDNRequest.m */; settings = {COMPILER_FLAGS = "-fno-objc-arc"; }; };
		1CD57E1619501CD000FB647C /* ASICloudFilesContainer.m in Sources */ = {isa = PBXBuildFile; fileRef = 1CD57DCA19501CCF00FB647C /* ASICloudFilesContainer.m */; settings = {COMPILER_FLAGS = "-fno-objc-arc"; }; };
		1CD57E1719501CD000FB647C /* ASICloudFilesContainerRequest.m in Sources */ = {isa = PBXBuildFile; fileRef = 1CD57DCC19501CCF00FB647C /* ASICloudFilesContainerRequest.m */; settings = {COMPILER_FLAGS = "-fno-objc-arc"; }; };
		1CD57E1819501CD000FB647C /* ASICloudFilesContainerXMLParserDelegate.m in Sources */ = {isa = PBXBuildFile; fileRef = 1CD57DCE19501CCF00FB647C /* ASICloudFilesContainerXMLParserDelegate.m */; settings = {COMPILER_FLAGS = "-fno-objc-arc"; }; };
		1CD57E1919501CD000FB647C /* ASICloudFilesObject.m in Sources */ = {isa = PBXBuildFile; fileRef = 1CD57DD019501CCF00FB647C /* ASICloudFilesObject.m */; settings = {COMPILER_FLAGS = "-fno-objc-arc"; }; };
		1CD57E1A19501CD000FB647C /* ASICloudFilesObjectRequest.m in Sources */ = {isa = PBXBuildFile; fileRef = 1CD57DD219501CCF00FB647C /* ASICloudFilesObjectRequest.m */; settings = {COMPILER_FLAGS = "-fno-objc-arc"; }; };
		1CD57E1B19501CD000FB647C /* ASICloudFilesRequest.m in Sources */ = {isa = PBXBuildFile; fileRef = 1CD57DD419501CCF00FB647C /* ASICloudFilesRequest.m */; settings = {COMPILER_FLAGS = "-fno-objc-arc"; }; };
		1CD57E1C19501CD000FB647C /* ASIS3Bucket.m in Sources */ = {isa = PBXBuildFile; fileRef = 1CD57DD819501CCF00FB647C /* ASIS3Bucket.m */; settings = {COMPILER_FLAGS = "-fno-objc-arc"; }; };
		1CD57E1D19501CD000FB647C /* ASIS3BucketObject.m in Sources */ = {isa = PBXBuildFile; fileRef = 1CD57DDA19501CCF00FB647C /* ASIS3BucketObject.m */; settings = {COMPILER_FLAGS = "-fno-objc-arc"; }; };
		1CD57E1E19501CD000FB647C /* ASIS3BucketRequest.m in Sources */ = {isa = PBXBuildFile; fileRef = 1CD57DDC19501CCF00FB647C /* ASIS3BucketRequest.m */; settings = {COMPILER_FLAGS = "-fno-objc-arc"; }; };
		1CD57E1F19501CD000FB647C /* ASIS3ObjectRequest.m in Sources */ = {isa = PBXBuildFile; fileRef = 1CD57DDE19501CCF00FB647C /* ASIS3ObjectRequest.m */; settings = {COMPILER_FLAGS = "-fno-objc-arc"; }; };
		1CD57E2019501CD000FB647C /* ASIS3Request.m in Sources */ = {isa = PBXBuildFile; fileRef = 1CD57DE019501CCF00FB647C /* ASIS3Request.m */; settings = {COMPILER_FLAGS = "-fno-objc-arc"; }; };
		1CD57E2119501CD000FB647C /* ASIS3ServiceRequest.m in Sources */ = {isa = PBXBuildFile; fileRef = 1CD57DE219501CCF00FB647C /* ASIS3ServiceRequest.m */; settings = {COMPILER_FLAGS = "-fno-objc-arc"; }; };
		1CD57E3119501CD000FB647C /* JSONKit.m in Sources */ = {isa = PBXBuildFile; fileRef = 1CD57E0319501CCF00FB647C /* JSONKit.m */; settings = {COMPILER_FLAGS = "-fno-objc-arc"; }; };
		1CD57E3219501CD000FB647C /* Reachability.m in Sources */ = {isa = PBXBuildFile; fileRef = 1CD57E0619501CCF00FB647C /* Reachability.m */; settings = {COMPILER_FLAGS = "-fno-objc-arc"; }; };
/* End PBXBuildFile section */

/* Begin PBXContainerItemProxy section */
		1CD57C97194FE72800FB647C /* PBXContainerItemProxy */ = {
			isa = PBXContainerItemProxy;
			containerPortal = 1CD57C69194FE72800FB647C /* Project object */;
			proxyType = 1;
			remoteGlobalIDString = 1CD57C70194FE72800FB647C;
			remoteInfo = youKuDemo;
		};
/* End PBXContainerItemProxy section */

/* Begin PBXFileReference section */
		1C1DC0581952ECEB00AEA029 /* videoViewController.h */ = {isa = PBXFileReference; fileEncoding = 4; lastKnownFileType = sourcecode.c.h; path = videoViewController.h; sourceTree = "<group>"; };
		1C1DC0591952ECEB00AEA029 /* videoViewController.m */ = {isa = PBXFileReference; fileEncoding = 4; lastKnownFileType = sourcecode.c.objc; path = videoViewController.m; sourceTree = "<group>"; };
		1CBF421A19502370007EBA4C /* NSData+MKBase64.h */ = {isa = PBXFileReference; fileEncoding = 4; lastKnownFileType = sourcecode.c.h; path = "NSData+MKBase64.h"; sourceTree = "<group>"; };
		1CBF421B19502370007EBA4C /* NSData+MKBase64.m */ = {isa = PBXFileReference; fileEncoding = 4; lastKnownFileType = sourcecode.c.objc; path = "NSData+MKBase64.m"; sourceTree = "<group>"; };
		1CBF421C19502370007EBA4C /* NSDate+RFC1123.h */ = {isa = PBXFileReference; fileEncoding = 4; lastKnownFileType = sourcecode.c.h; path = "NSDate+RFC1123.h"; sourceTree = "<group>"; };
		1CBF421D19502370007EBA4C /* NSDate+RFC1123.m */ = {isa = PBXFileReference; fileEncoding = 4; lastKnownFileType = sourcecode.c.objc; path = "NSDate+RFC1123.m"; sourceTree = "<group>"; };
		1CBF421E19502370007EBA4C /* NSDictionary+RequestEncoding.h */ = {isa = PBXFileReference; fileEncoding = 4; lastKnownFileType = sourcecode.c.h; path = "NSDictionary+RequestEncoding.h"; sourceTree = "<group>"; };
		1CBF421F19502370007EBA4C /* NSDictionary+RequestEncoding.m */ = {isa = PBXFileReference; fileEncoding = 4; lastKnownFileType = sourcecode.c.objc; path = "NSDictionary+RequestEncoding.m"; sourceTree = "<group>"; };
		1CBF422019502370007EBA4C /* NSString+MKNetworkKitAdditions.h */ = {isa = PBXFileReference; fileEncoding = 4; lastKnownFileType = sourcecode.c.h; path = "NSString+MKNetworkKitAdditions.h"; sourceTree = "<group>"; };
		1CBF422119502370007EBA4C /* NSString+MKNetworkKitAdditions.m */ = {isa = PBXFileReference; fileEncoding = 4; lastKnownFileType = sourcecode.c.objc; path = "NSString+MKNetworkKitAdditions.m"; sourceTree = "<group>"; };
		1CBF422219502370007EBA4C /* UIAlertView+MKNetworkKitAdditions.h */ = {isa = PBXFileReference; fileEncoding = 4; lastKnownFileType = sourcecode.c.h; path = "UIAlertView+MKNetworkKitAdditions.h"; sourceTree = "<group>"; };
		1CBF422319502370007EBA4C /* UIAlertView+MKNetworkKitAdditions.m */ = {isa = PBXFileReference; fileEncoding = 4; lastKnownFileType = sourcecode.c.objc; path = "UIAlertView+MKNetworkKitAdditions.m"; sourceTree = "<group>"; };
		1CBF422419502370007EBA4C /* UIImageView+MKNetworkKitAdditions.h */ = {isa = PBXFileReference; fileEncoding = 4; lastKnownFileType = sourcecode.c.h; path = "UIImageView+MKNetworkKitAdditions.h"; sourceTree = "<group>"; };
		1CBF422519502370007EBA4C /* UIImageView+MKNetworkKitAdditions.m */ = {isa = PBXFileReference; fileEncoding = 4; lastKnownFileType = sourcecode.c.objc; path = "UIImageView+MKNetworkKitAdditions.m"; sourceTree = "<group>"; };
		1CBF422619502370007EBA4C /* MKNetworkEngine.h */ = {isa = PBXFileReference; fileEncoding = 4; lastKnownFileType = sourcecode.c.h; path = MKNetworkEngine.h; sourceTree = "<group>"; };
		1CBF422719502370007EBA4C /* MKNetworkEngine.m */ = {isa = PBXFileReference; fileEncoding = 4; lastKnownFileType = sourcecode.c.objc; path = MKNetworkEngine.m; sourceTree = "<group>"; };
		1CBF422819502370007EBA4C /* MKNetworkKit.h */ = {isa = PBXFileReference; fileEncoding = 4; lastKnownFileType = sourcecode.c.h; path = MKNetworkKit.h; sourceTree = "<group>"; };
		1CBF422919502370007EBA4C /* MKNetworkOperation.h */ = {isa = PBXFileReference; fileEncoding = 4; lastKnownFileType = sourcecode.c.h; path = MKNetworkOperation.h; sourceTree = "<group>"; };
		1CBF422A19502370007EBA4C /* MKNetworkOperation.m */ = {isa = PBXFileReference; fileEncoding = 4; lastKnownFileType = sourcecode.c.objc; path = MKNetworkOperation.m; sourceTree = "<group>"; };
		1CBF422E19502370007EBA4C /* VICCheckNetwork.h */ = {isa = PBXFileReference; fileEncoding = 4; lastKnownFileType = sourcecode.c.h; path = VICCheckNetwork.h; sourceTree = "<group>"; };
		1CBF422F19502370007EBA4C /* VICCheckNetwork.m */ = {isa = PBXFileReference; fileEncoding = 4; lastKnownFileType = sourcecode.c.objc; path = VICCheckNetwork.m; sourceTree = "<group>"; };
		1CBF423019502370007EBA4C /* VICNetworkDefines.h */ = {isa = PBXFileReference; fileEncoding = 4; lastKnownFileType = sourcecode.c.h; path = VICNetworkDefines.h; sourceTree = "<group>"; };
		1CBF423119502370007EBA4C /* VICNetworkEngine.h */ = {isa = PBXFileReference; fileEncoding = 4; lastKnownFileType = sourcecode.c.h; path = VICNetworkEngine.h; sourceTree = "<group>"; };
		1CBF423219502370007EBA4C /* VICNetworkEngine.m */ = {isa = PBXFileReference; fileEncoding = 4; lastKnownFileType = sourcecode.c.objc; path = VICNetworkEngine.m; sourceTree = "<group>"; };
		1CBF423319502370007EBA4C /* VICNetworkOperation.h */ = {isa = PBXFileReference; fileEncoding = 4; lastKnownFileType = sourcecode.c.h; path = VICNetworkOperation.h; sourceTree = "<group>"; };
		1CBF423419502370007EBA4C /* VICNetworkOperation.m */ = {isa = PBXFileReference; fileEncoding = 4; lastKnownFileType = sourcecode.c.objc; path = VICNetworkOperation.m; sourceTree = "<group>"; };
		1CD57C71194FE72800FB647C /* youKuDemo.app */ = {isa = PBXFileReference; explicitFileType = wrapper.application; includeInIndex = 0; path = youKuDemo.app; sourceTree = BUILT_PRODUCTS_DIR; };
		1CD57C74194FE72800FB647C /* Foundation.framework */ = {isa = PBXFileReference; lastKnownFileType = wrapper.framework; name = Foundation.framework; path = System/Library/Frameworks/Foundation.framework; sourceTree = SDKROOT; };
		1CD57C76194FE72800FB647C /* CoreGraphics.framework */ = {isa = PBXFileReference; lastKnownFileType = wrapper.framework; name = CoreGraphics.framework; path = System/Library/Frameworks/CoreGraphics.framework; sourceTree = SDKROOT; };
		1CD57C78194FE72800FB647C /* UIKit.framework */ = {isa = PBXFileReference; lastKnownFileType = wrapper.framework; name = UIKit.framework; path = System/Library/Frameworks/UIKit.framework; sourceTree = SDKROOT; };
		1CD57C7C194FE72800FB647C /* youKuDemo-Info.plist */ = {isa = PBXFileReference; lastKnownFileType = text.plist.xml; path = "youKuDemo-Info.plist"; sourceTree = "<group>"; };
		1CD57C7E194FE72800FB647C /* en */ = {isa = PBXFileReference; lastKnownFileType = text.plist.strings; name = en; path = en.lproj/InfoPlist.strings; sourceTree = "<group>"; };
		1CD57C80194FE72800FB647C /* main.m */ = {isa = PBXFileReference; lastKnownFileType = sourcecode.c.objc; path = main.m; sourceTree = "<group>"; };
		1CD57C82194FE72800FB647C /* youKuDemo-Prefix.pch */ = {isa = PBXFileReference; lastKnownFileType = sourcecode.c.h; path = "youKuDemo-Prefix.pch"; sourceTree = "<group>"; };
		1CD57C83194FE72800FB647C /* AppDelegate.h */ = {isa = PBXFileReference; lastKnownFileType = sourcecode.c.h; path = AppDelegate.h; sourceTree = "<group>"; };
		1CD57C84194FE72800FB647C /* AppDelegate.m */ = {isa = PBXFileReference; lastKnownFileType = sourcecode.c.objc; path = AppDelegate.m; sourceTree = "<group>"; };
		1CD57C87194FE72800FB647C /* Base */ = {isa = PBXFileReference; lastKnownFileType = file.storyboard; name = Base; path = Base.lproj/Main.storyboard; sourceTree = "<group>"; };
		1CD57C89194FE72800FB647C /* ViewController.h */ = {isa = PBXFileReference; lastKnownFileType = sourcecode.c.h; path = ViewController.h; sourceTree = "<group>"; };
		1CD57C8A194FE72800FB647C /* ViewController.m */ = {isa = PBXFileReference; lastKnownFileType = sourcecode.c.objc; path = ViewController.m; sourceTree = "<group>"; };
		1CD57C8C194FE72800FB647C /* Images.xcassets */ = {isa = PBXFileReference; lastKnownFileType = folder.assetcatalog; path = Images.xcassets; sourceTree = "<group>"; };
		1CD57C92194FE72800FB647C /* youKuDemoTests.xctest */ = {isa = PBXFileReference; explicitFileType = wrapper.cfbundle; includeInIndex = 0; path = youKuDemoTests.xctest; sourceTree = BUILT_PRODUCTS_DIR; };
		1CD57C93194FE72800FB647C /* XCTest.framework */ = {isa = PBXFileReference; lastKnownFileType = wrapper.framework; name = XCTest.framework; path = Library/Frameworks/XCTest.framework; sourceTree = DEVELOPER_DIR; };
		1CD57C9B194FE72800FB647C /* youKuDemoTests-Info.plist */ = {isa = PBXFileReference; lastKnownFileType = text.plist.xml; path = "youKuDemoTests-Info.plist"; sourceTree = "<group>"; };
		1CD57C9D194FE72800FB647C /* en */ = {isa = PBXFileReference; lastKnownFileType = text.plist.strings; name = en; path = en.lproj/InfoPlist.strings; sourceTree = "<group>"; };
		1CD57C9F194FE72800FB647C /* youKuDemoTests.m */ = {isa = PBXFileReference; lastKnownFileType = sourcecode.c.objc; path = youKuDemoTests.m; sourceTree = "<group>"; };
		1CD57CA9194FE76600FB647C /* MediaPlayer.framework */ = {isa = PBXFileReference; lastKnownFileType = wrapper.framework; name = MediaPlayer.framework; path = System/Library/Frameworks/MediaPlayer.framework; sourceTree = SDKROOT; };
		1CD57D9D1950197F00FB647C /* libz.dylib */ = {isa = PBXFileReference; lastKnownFileType = "compiled.mach-o.dylib"; name = libz.dylib; path = usr/lib/libz.dylib; sourceTree = SDKROOT; };
		1CD57D9F19501A3700FB647C /* CFNetwork.framework */ = {isa = PBXFileReference; lastKnownFileType = wrapper.framework; name = CFNetwork.framework; path = System/Library/Frameworks/CFNetwork.framework; sourceTree = SDKROOT; };
		1CD57DA119501A4D00FB647C /* SystemConfiguration.framework */ = {isa = PBXFileReference; lastKnownFileType = wrapper.framework; name = SystemConfiguration.framework; path = System/Library/Frameworks/SystemConfiguration.framework; sourceTree = SDKROOT; };
		1CD57DA319501A5900FB647C /* MobileCoreServices.framework */ = {isa = PBXFileReference; lastKnownFileType = wrapper.framework; name = MobileCoreServices.framework; path = System/Library/Frameworks/MobileCoreServices.framework; sourceTree = SDKROOT; };
		1CD57DA519501A8300FB647C /* libxml2.2.dylib */ = {isa = PBXFileReference; lastKnownFileType = "compiled.mach-o.dylib"; name = libxml2.2.dylib; path = usr/lib/libxml2.2.dylib; sourceTree = SDKROOT; };
		1CD57DA919501CCF00FB647C /* YoukuUploader.h */ = {isa = PBXFileReference; fileEncoding = 4; lastKnownFileType = sourcecode.c.h; path = YoukuUploader.h; sourceTree = "<group>"; };
		1CD57DAA19501CCF00FB647C /* YoukuUploader.m */ = {isa = PBXFileReference; fileEncoding = 4; lastKnownFileType = sourcecode.c.objc; path = YoukuUploader.m; sourceTree = "<group>"; };
		1CD57DAB19501CCF00FB647C /* YoukuUploaderConfig.h */ = {isa = PBXFileReference; fileEncoding = 4; lastKnownFileType = sourcecode.c.h; path = YoukuUploaderConfig.h; sourceTree = "<group>"; };
		1CD57DAC19501CCF00FB647C /* YoukuUploaderDelegate.h */ = {isa = PBXFileReference; fileEncoding = 4; lastKnownFileType = sourcecode.c.h; path = YoukuUploaderDelegate.h; sourceTree = "<group>"; };
		1CD57DAF19501CCF00FB647C /* ASIAuthenticationDialog.h */ = {isa = PBXFileReference; fileEncoding = 4; lastKnownFileType = sourcecode.c.h; path = ASIAuthenticationDialog.h; sourceTree = "<group>"; };
		1CD57DB019501CCF00FB647C /* ASIAuthenticationDialog.m */ = {isa = PBXFileReference; fileEncoding = 4; lastKnownFileType = sourcecode.c.objc; path = ASIAuthenticationDialog.m; sourceTree = "<group>"; };
		1CD57DB119501CCF00FB647C /* ASICacheDelegate.h */ = {isa = PBXFileReference; fileEncoding = 4; lastKnownFileType = sourcecode.c.h; path = ASICacheDelegate.h; sourceTree = "<group>"; };
		1CD57DB219501CCF00FB647C /* ASIDataCompressor.h */ = {isa = PBXFileReference; fileEncoding = 4; lastKnownFileType = sourcecode.c.h; path = ASIDataCompressor.h; sourceTree = "<group>"; };
		1CD57DB319501CCF00FB647C /* ASIDataCompressor.m */ = {isa = PBXFileReference; fileEncoding = 4; lastKnownFileType = sourcecode.c.objc; path = ASIDataCompressor.m; sourceTree = "<group>"; };
		1CD57DB419501CCF00FB647C /* ASIDataDecompressor.h */ = {isa = PBXFileReference; fileEncoding = 4; lastKnownFileType = sourcecode.c.h; path = ASIDataDecompressor.h; sourceTree = "<group>"; };
		1CD57DB519501CCF00FB647C /* ASIDataDecompressor.m */ = {isa = PBXFileReference; fileEncoding = 4; lastKnownFileType = sourcecode.c.objc; path = ASIDataDecompressor.m; sourceTree = "<group>"; };
		1CD57DB619501CCF00FB647C /* ASIDownloadCache.h */ = {isa = PBXFileReference; fileEncoding = 4; lastKnownFileType = sourcecode.c.h; path = ASIDownloadCache.h; sourceTree = "<group>"; };
		1CD57DB719501CCF00FB647C /* ASIDownloadCache.m */ = {isa = PBXFileReference; fileEncoding = 4; lastKnownFileType = sourcecode.c.objc; path = ASIDownloadCache.m; sourceTree = "<group>"; };
		1CD57DB819501CCF00FB647C /* ASIFormDataRequest.h */ = {isa = PBXFileReference; fileEncoding = 4; lastKnownFileType = sourcecode.c.h; path = ASIFormDataRequest.h; sourceTree = "<group>"; };
		1CD57DB919501CCF00FB647C /* ASIFormDataRequest.m */ = {isa = PBXFileReference; fileEncoding = 4; lastKnownFileType = sourcecode.c.objc; path = ASIFormDataRequest.m; sourceTree = "<group>"; };
		1CD57DBA19501CCF00FB647C /* ASIHTTPRequest.h */ = {isa = PBXFileReference; fileEncoding = 4; lastKnownFileType = sourcecode.c.h; path = ASIHTTPRequest.h; sourceTree = "<group>"; };
		1CD57DBB19501CCF00FB647C /* ASIHTTPRequest.m */ = {isa = PBXFileReference; fileEncoding = 4; lastKnownFileType = sourcecode.c.objc; path = ASIHTTPRequest.m; sourceTree = "<group>"; };
		1CD57DBC19501CCF00FB647C /* ASIHTTPRequestConfig.h */ = {isa = PBXFileReference; fileEncoding = 4; lastKnownFileType = sourcecode.c.h; path = ASIHTTPRequestConfig.h; sourceTree = "<group>"; };
		1CD57DBD19501CCF00FB647C /* ASIHTTPRequestDelegate.h */ = {isa = PBXFileReference; fileEncoding = 4; lastKnownFileType = sourcecode.c.h; path = ASIHTTPRequestDelegate.h; sourceTree = "<group>"; };
		1CD57DBE19501CCF00FB647C /* ASIInputStream.h */ = {isa = PBXFileReference; fileEncoding = 4; lastKnownFileType = sourcecode.c.h; path = ASIInputStream.h; sourceTree = "<group>"; };
		1CD57DBF19501CCF00FB647C /* ASIInputStream.m */ = {isa = PBXFileReference; fileEncoding = 4; lastKnownFileType = sourcecode.c.objc; path = ASIInputStream.m; sourceTree = "<group>"; };
		1CD57DC019501CCF00FB647C /* ASINetworkQueue.h */ = {isa = PBXFileReference; fileEncoding = 4; lastKnownFileType = sourcecode.c.h; path = ASINetworkQueue.h; sourceTree = "<group>"; };
		1CD57DC119501CCF00FB647C /* ASINetworkQueue.m */ = {isa = PBXFileReference; fileEncoding = 4; lastKnownFileType = sourcecode.c.objc; path = ASINetworkQueue.m; sourceTree = "<group>"; };
		1CD57DC219501CCF00FB647C /* ASIProgressDelegate.h */ = {isa = PBXFileReference; fileEncoding = 4; lastKnownFileType = sourcecode.c.h; path = ASIProgressDelegate.h; sourceTree = "<group>"; };
		1CD57DC419501CCF00FB647C /* ASIWebPageRequest.h */ = {isa = PBXFileReference; fileEncoding = 4; lastKnownFileType = sourcecode.c.h; path = ASIWebPageRequest.h; sourceTree = "<group>"; };
		1CD57DC519501CCF00FB647C /* ASIWebPageRequest.m */ = {isa = PBXFileReference; fileEncoding = 4; lastKnownFileType = sourcecode.c.objc; path = ASIWebPageRequest.m; sourceTree = "<group>"; };
		1CD57DC719501CCF00FB647C /* ASICloudFilesCDNRequest.h */ = {isa = PBXFileReference; fileEncoding = 4; lastKnownFileType = sourcecode.c.h; path = ASICloudFilesCDNRequest.h; sourceTree = "<group>"; };
		1CD57DC819501CCF00FB647C /* ASICloudFilesCDNRequest.m */ = {isa = PBXFileReference; fileEncoding = 4; lastKnownFileType = sourcecode.c.objc; path = ASICloudFilesCDNRequest.m; sourceTree = "<group>"; };
		1CD57DC919501CCF00FB647C /* ASICloudFilesContainer.h */ = {isa = PBXFileReference; fileEncoding = 4; lastKnownFileType = sourcecode.c.h; path = ASICloudFilesContainer.h; sourceTree = "<group>"; };
		1CD57DCA19501CCF00FB647C /* ASICloudFilesContainer.m */ = {isa = PBXFileReference; fileEncoding = 4; lastKnownFileType = sourcecode.c.objc; path = ASICloudFilesContainer.m; sourceTree = "<group>"; };
		1CD57DCB19501CCF00FB647C /* ASICloudFilesContainerRequest.h */ = {isa = PBXFileReference; fileEncoding = 4; lastKnownFileType = sourcecode.c.h; path = ASICloudFilesContainerRequest.h; sourceTree = "<group>"; };
		1CD57DCC19501CCF00FB647C /* ASICloudFilesContainerRequest.m */ = {isa = PBXFileReference; fileEncoding = 4; lastKnownFileType = sourcecode.c.objc; path = ASICloudFilesContainerRequest.m; sourceTree = "<group>"; };
		1CD57DCD19501CCF00FB647C /* ASICloudFilesContainerXMLParserDelegate.h */ = {isa = PBXFileReference; fileEncoding = 4; lastKnownFileType = sourcecode.c.h; path = ASICloudFilesContainerXMLParserDelegate.h; sourceTree = "<group>"; };
		1CD57DCE19501CCF00FB647C /* ASICloudFilesContainerXMLParserDelegate.m */ = {isa = PBXFileReference; fileEncoding = 4; lastKnownFileType = sourcecode.c.objc; path = ASICloudFilesContainerXMLParserDelegate.m; sourceTree = "<group>"; };
		1CD57DCF19501CCF00FB647C /* ASICloudFilesObject.h */ = {isa = PBXFileReference; fileEncoding = 4; lastKnownFileType = sourcecode.c.h; path = ASICloudFilesObject.h; sourceTree = "<group>"; };
		1CD57DD019501CCF00FB647C /* ASICloudFilesObject.m */ = {isa = PBXFileReference; fileEncoding = 4; lastKnownFileType = sourcecode.c.objc; path = ASICloudFilesObject.m; sourceTree = "<group>"; };
		1CD57DD119501CCF00FB647C /* ASICloudFilesObjectRequest.h */ = {isa = PBXFileReference; fileEncoding = 4; lastKnownFileType = sourcecode.c.h; path = ASICloudFilesObjectRequest.h; sourceTree = "<group>"; };
		1CD57DD219501CCF00FB647C /* ASICloudFilesObjectRequest.m */ = {isa = PBXFileReference; fileEncoding = 4; lastKnownFileType = sourcecode.c.objc; path = ASICloudFilesObjectRequest.m; sourceTree = "<group>"; };
		1CD57DD319501CCF00FB647C /* ASICloudFilesRequest.h */ = {isa = PBXFileReference; fileEncoding = 4; lastKnownFileType = sourcecode.c.h; path = ASICloudFilesRequest.h; sourceTree = "<group>"; };
		1CD57DD419501CCF00FB647C /* ASICloudFilesRequest.m */ = {isa = PBXFileReference; fileEncoding = 4; lastKnownFileType = sourcecode.c.objc; path = ASICloudFilesRequest.m; sourceTree = "<group>"; };
		1CD57DD619501CCF00FB647C /* ASINSXMLParserCompat.h */ = {isa = PBXFileReference; fileEncoding = 4; lastKnownFileType = sourcecode.c.h; path = ASINSXMLParserCompat.h; sourceTree = "<group>"; };
		1CD57DD719501CCF00FB647C /* ASIS3Bucket.h */ = {isa = PBXFileReference; fileEncoding = 4; lastKnownFileType = sourcecode.c.h; path = ASIS3Bucket.h; sourceTree = "<group>"; };
		1CD57DD819501CCF00FB647C /* ASIS3Bucket.m */ = {isa = PBXFileReference; fileEncoding = 4; lastKnownFileType = sourcecode.c.objc; path = ASIS3Bucket.m; sourceTree = "<group>"; };
		1CD57DD919501CCF00FB647C /* ASIS3BucketObject.h */ = {isa = PBXFileReference; fileEncoding = 4; lastKnownFileType = sourcecode.c.h; path = ASIS3BucketObject.h; sourceTree = "<group>"; };
		1CD57DDA19501CCF00FB647C /* ASIS3BucketObject.m */ = {isa = PBXFileReference; fileEncoding = 4; lastKnownFileType = sourcecode.c.objc; path = ASIS3BucketObject.m; sourceTree = "<group>"; };
		1CD57DDB19501CCF00FB647C /* ASIS3BucketRequest.h */ = {isa = PBXFileReference; fileEncoding = 4; lastKnownFileType = sourcecode.c.h; path = ASIS3BucketRequest.h; sourceTree = "<group>"; };
		1CD57DDC19501CCF00FB647C /* ASIS3BucketRequest.m */ = {isa = PBXFileReference; fileEncoding = 4; lastKnownFileType = sourcecode.c.objc; path = ASIS3BucketRequest.m; sourceTree = "<group>"; };
		1CD57DDD19501CCF00FB647C /* ASIS3ObjectRequest.h */ = {isa = PBXFileReference; fileEncoding = 4; lastKnownFileType = sourcecode.c.h; path = ASIS3ObjectRequest.h; sourceTree = "<group>"; };
		1CD57DDE19501CCF00FB647C /* ASIS3ObjectRequest.m */ = {isa = PBXFileReference; fileEncoding = 4; lastKnownFileType = sourcecode.c.objc; path = ASIS3ObjectRequest.m; sourceTree = "<group>"; };
		1CD57DDF19501CCF00FB647C /* ASIS3Request.h */ = {isa = PBXFileReference; fileEncoding = 4; lastKnownFileType = sourcecode.c.h; path = ASIS3Request.h; sourceTree = "<group>"; };
		1CD57DE019501CCF00FB647C /* ASIS3Request.m */ = {isa = PBXFileReference; fileEncoding = 4; lastKnownFileType = sourcecode.c.objc; path = ASIS3Request.m; sourceTree = "<group>"; };
		1CD57DE119501CCF00FB647C /* ASIS3ServiceRequest.h */ = {isa = PBXFileReference; fileEncoding = 4; lastKnownFileType = sourcecode.c.h; path = ASIS3ServiceRequest.h; sourceTree = "<group>"; };
		1CD57DE219501CCF00FB647C /* ASIS3ServiceRequest.m */ = {isa = PBXFileReference; fileEncoding = 4; lastKnownFileType = sourcecode.c.objc; path = ASIS3ServiceRequest.m; sourceTree = "<group>"; };
		1CD57E0219501CCF00FB647C /* JSONKit.h */ = {isa = PBXFileReference; fileEncoding = 4; lastKnownFileType = sourcecode.c.h; path = JSONKit.h; sourceTree = "<group>"; };
		1CD57E0319501CCF00FB647C /* JSONKit.m */ = {isa = PBXFileReference; fileEncoding = 4; lastKnownFileType = sourcecode.c.objc; path = JSONKit.m; sourceTree = "<group>"; };
		1CD57E0519501CCF00FB647C /* Reachability.h */ = {isa = PBXFileReference; fileEncoding = 4; lastKnownFileType = sourcecode.c.h; path = Reachability.h; sourceTree = "<group>"; };
		1CD57E0619501CCF00FB647C /* Reachability.m */ = {isa = PBXFileReference; fileEncoding = 4; lastKnownFileType = sourcecode.c.objc; path = Reachability.m; sourceTree = "<group>"; };
/* End PBXFileReference section */

/* Begin PBXFrameworksBuildPhase section */
		1CD57C6E194FE72800FB647C /* Frameworks */ = {
			isa = PBXFrameworksBuildPhase;
			buildActionMask = 2147483647;
			files = (
				1CD57DA419501A5900FB647C /* MobileCoreServices.framework in Frameworks */,
				1CD57DA619501A8300FB647C /* libxml2.2.dylib in Frameworks */,
				1CD57DA219501A4D00FB647C /* SystemConfiguration.framework in Frameworks */,
				1CD57DA019501A3700FB647C /* CFNetwork.framework in Frameworks */,
				1CD57D9E1950197F00FB647C /* libz.dylib in Frameworks */,
				1CD57CAA194FE76600FB647C /* MediaPlayer.framework in Frameworks */,
				1CD57C77194FE72800FB647C /* CoreGraphics.framework in Frameworks */,
				1CD57C79194FE72800FB647C /* UIKit.framework in Frameworks */,
				1CD57C75194FE72800FB647C /* Foundation.framework in Frameworks */,
			);
			runOnlyForDeploymentPostprocessing = 0;
		};
		1CD57C8F194FE72800FB647C /* Frameworks */ = {
			isa = PBXFrameworksBuildPhase;
			buildActionMask = 2147483647;
			files = (
				1CD57C94194FE72800FB647C /* XCTest.framework in Frameworks */,
				1CD57C96194FE72800FB647C /* UIKit.framework in Frameworks */,
				1CD57C95194FE72800FB647C /* Foundation.framework in Frameworks */,
			);
			runOnlyForDeploymentPostprocessing = 0;
		};
/* End PBXFrameworksBuildPhase section */

/* Begin PBXGroup section */
		1CBF421719502370007EBA4C /* VICNet */ = {
			isa = PBXGroup;
			children = (
				1CBF421819502370007EBA4C /* MKNetworkKit */,
				1CBF422E19502370007EBA4C /* VICCheckNetwork.h */,
				1CBF422F19502370007EBA4C /* VICCheckNetwork.m */,
				1CBF423019502370007EBA4C /* VICNetworkDefines.h */,
				1CBF423119502370007EBA4C /* VICNetworkEngine.h */,
				1CBF423219502370007EBA4C /* VICNetworkEngine.m */,
				1CBF423319502370007EBA4C /* VICNetworkOperation.h */,
				1CBF423419502370007EBA4C /* VICNetworkOperation.m */,
			);
			path = VICNet;
			sourceTree = "<group>";
		};
		1CBF421819502370007EBA4C /* MKNetworkKit */ = {
			isa = PBXGroup;
			children = (
				1CBF421919502370007EBA4C /* Categories */,
				1CBF422619502370007EBA4C /* MKNetworkEngine.h */,
				1CBF422719502370007EBA4C /* MKNetworkEngine.m */,
				1CBF422819502370007EBA4C /* MKNetworkKit.h */,
				1CBF422919502370007EBA4C /* MKNetworkOperation.h */,
				1CBF422A19502370007EBA4C /* MKNetworkOperation.m */,
			);
			path = MKNetworkKit;
			sourceTree = "<group>";
		};
		1CBF421919502370007EBA4C /* Categories */ = {
			isa = PBXGroup;
			children = (
				1CBF421A19502370007EBA4C /* NSData+MKBase64.h */,
				1CBF421B19502370007EBA4C /* NSData+MKBase64.m */,
				1CBF421C19502370007EBA4C /* NSDate+RFC1123.h */,
				1CBF421D19502370007EBA4C /* NSDate+RFC1123.m */,
				1CBF421E19502370007EBA4C /* NSDictionary+RequestEncoding.h */,
				1CBF421F19502370007EBA4C /* NSDictionary+RequestEncoding.m */,
				1CBF422019502370007EBA4C /* NSString+MKNetworkKitAdditions.h */,
				1CBF422119502370007EBA4C /* NSString+MKNetworkKitAdditions.m */,
				1CBF422219502370007EBA4C /* UIAlertView+MKNetworkKitAdditions.h */,
				1CBF422319502370007EBA4C /* UIAlertView+MKNetworkKitAdditions.m */,
				1CBF422419502370007EBA4C /* UIImageView+MKNetworkKitAdditions.h */,
				1CBF422519502370007EBA4C /* UIImageView+MKNetworkKitAdditions.m */,
			);
			path = Categories;
			sourceTree = "<group>";
		};
		1CD57C68194FE72800FB647C = {
			isa = PBXGroup;
			children = (
				1CBF421719502370007EBA4C /* VICNet */,
				1CD57DA719501CCF00FB647C /* YoukuUploader */,
				1CD57C7A194FE72800FB647C /* youKuDemo */,
				1CD57C99194FE72800FB647C /* youKuDemoTests */,
				1CD57C73194FE72800FB647C /* Frameworks */,
				1CD57C72194FE72800FB647C /* Products */,
			);
			sourceTree = "<group>";
		};
		1CD57C72194FE72800FB647C /* Products */ = {
			isa = PBXGroup;
			children = (
				1CD57C71194FE72800FB647C /* youKuDemo.app */,
				1CD57C92194FE72800FB647C /* youKuDemoTests.xctest */,
			);
			name = Products;
			sourceTree = "<group>";
		};
		1CD57C73194FE72800FB647C /* Frameworks */ = {
			isa = PBXGroup;
			children = (
				1CD57DA519501A8300FB647C /* libxml2.2.dylib */,
				1CD57DA319501A5900FB647C /* MobileCoreServices.framework */,
				1CD57DA119501A4D00FB647C /* SystemConfiguration.framework */,
				1CD57D9F19501A3700FB647C /* CFNetwork.framework */,
				1CD57D9D1950197F00FB647C /* libz.dylib */,
				1CD57CA9194FE76600FB647C /* MediaPlayer.framework */,
				1CD57C74194FE72800FB647C /* Foundation.framework */,
				1CD57C76194FE72800FB647C /* CoreGraphics.framework */,
				1CD57C78194FE72800FB647C /* UIKit.framework */,
				1CD57C93194FE72800FB647C /* XCTest.framework */,
			);
			name = Frameworks;
			sourceTree = "<group>";
		};
		1CD57C7A194FE72800FB647C /* youKuDemo */ = {
			isa = PBXGroup;
			children = (
				1CD57C83194FE72800FB647C /* AppDelegate.h */,
				1CD57C84194FE72800FB647C /* AppDelegate.m */,
				1CD57C86194FE72800FB647C /* Main.storyboard */,
				1CD57C89194FE72800FB647C /* ViewController.h */,
				1CD57C8A194FE72800FB647C /* ViewController.m */,
				1CD57C8C194FE72800FB647C /* Images.xcassets */,
				1CD57C7B194FE72800FB647C /* Supporting Files */,
				1C1DC0581952ECEB00AEA029 /* videoViewController.h */,
				1C1DC0591952ECEB00AEA029 /* videoViewController.m */,
			);
			path = youKuDemo;
			sourceTree = "<group>";
		};
		1CD57C7B194FE72800FB647C /* Supporting Files */ = {
			isa = PBXGroup;
			children = (
				1CD57C7C194FE72800FB647C /* youKuDemo-Info.plist */,
				1CD57C7D194FE72800FB647C /* InfoPlist.strings */,
				1CD57C80194FE72800FB647C /* main.m */,
				1CD57C82194FE72800FB647C /* youKuDemo-Prefix.pch */,
			);
			name = "Supporting Files";
			sourceTree = "<group>";
		};
		1CD57C99194FE72800FB647C /* youKuDemoTests */ = {
			isa = PBXGroup;
			children = (
				1CD57C9F194FE72800FB647C /* youKuDemoTests.m */,
				1CD57C9A194FE72800FB647C /* Supporting Files */,
			);
			path = youKuDemoTests;
			sourceTree = "<group>";
		};
		1CD57C9A194FE72800FB647C /* Supporting Files */ = {
			isa = PBXGroup;
			children = (
				1CD57C9B194FE72800FB647C /* youKuDemoTests-Info.plist */,
				1CD57C9C194FE72800FB647C /* InfoPlist.strings */,
			);
			name = "Supporting Files";
			sourceTree = "<group>";
		};
		1CD57DA719501CCF00FB647C /* YoukuUploader */ = {
			isa = PBXGroup;
			children = (
				1CD57DA819501CCF00FB647C /* Classes */,
				1CD57DAD19501CCF00FB647C /* libs */,
			);
			path = YoukuUploader;
			sourceTree = "<group>";
		};
		1CD57DA819501CCF00FB647C /* Classes */ = {
			isa = PBXGroup;
			children = (
				1CD57DA919501CCF00FB647C /* YoukuUploader.h */,
				1CD57DAA19501CCF00FB647C /* YoukuUploader.m */,
				1CD57DAB19501CCF00FB647C /* YoukuUploaderConfig.h */,
				1CD57DAC19501CCF00FB647C /* YoukuUploaderDelegate.h */,
			);
			path = Classes;
			sourceTree = "<group>";
		};
		1CD57DAD19501CCF00FB647C /* libs */ = {
			isa = PBXGroup;
			children = (
				1CD57DAE19501CCF00FB647C /* ASIHttpRequest */,
				1CD57E0119501CCF00FB647C /* JSONKit */,
				1CD57E0419501CCF00FB647C /* Reachability */,
			);
			path = libs;
			sourceTree = "<group>";
		};
		1CD57DAE19501CCF00FB647C /* ASIHttpRequest */ = {
			isa = PBXGroup;
			children = (
				1CD57DAF19501CCF00FB647C /* ASIAuthenticationDialog.h */,
				1CD57DB019501CCF00FB647C /* ASIAuthenticationDialog.m */,
				1CD57DB119501CCF00FB647C /* ASICacheDelegate.h */,
				1CD57DB219501CCF00FB647C /* ASIDataCompressor.h */,
				1CD57DB319501CCF00FB647C /* ASIDataCompressor.m */,
				1CD57DB419501CCF00FB647C /* ASIDataDecompressor.h */,
				1CD57DB519501CCF00FB647C /* ASIDataDecompressor.m */,
				1CD57DB619501CCF00FB647C /* ASIDownloadCache.h */,
				1CD57DB719501CCF00FB647C /* ASIDownloadCache.m */,
				1CD57DB819501CCF00FB647C /* ASIFormDataRequest.h */,
				1CD57DB919501CCF00FB647C /* ASIFormDataRequest.m */,
				1CD57DBA19501CCF00FB647C /* ASIHTTPRequest.h */,
				1CD57DBB19501CCF00FB647C /* ASIHTTPRequest.m */,
				1CD57DBC19501CCF00FB647C /* ASIHTTPRequestConfig.h */,
				1CD57DBD19501CCF00FB647C /* ASIHTTPRequestDelegate.h */,
				1CD57DBE19501CCF00FB647C /* ASIInputStream.h */,
				1CD57DBF19501CCF00FB647C /* ASIInputStream.m */,
				1CD57DC019501CCF00FB647C /* ASINetworkQueue.h */,
				1CD57DC119501CCF00FB647C /* ASINetworkQueue.m */,
				1CD57DC219501CCF00FB647C /* ASIProgressDelegate.h */,
				1CD57DC319501CCF00FB647C /* ASIWebPageRequest */,
				1CD57DC619501CCF00FB647C /* CloudFiles */,
				1CD57DD519501CCF00FB647C /* S3 */,
			);
			path = ASIHttpRequest;
			sourceTree = "<group>";
		};
		1CD57DC319501CCF00FB647C /* ASIWebPageRequest */ = {
			isa = PBXGroup;
			children = (
				1CD57DC419501CCF00FB647C /* ASIWebPageRequest.h */,
				1CD57DC519501CCF00FB647C /* ASIWebPageRequest.m */,
			);
			path = ASIWebPageRequest;
			sourceTree = "<group>";
		};
		1CD57DC619501CCF00FB647C /* CloudFiles */ = {
			isa = PBXGroup;
			children = (
				1CD57DC719501CCF00FB647C /* ASICloudFilesCDNRequest.h */,
				1CD57DC819501CCF00FB647C /* ASICloudFilesCDNRequest.m */,
				1CD57DC919501CCF00FB647C /* ASICloudFilesContainer.h */,
				1CD57DCA19501CCF00FB647C /* ASICloudFilesContainer.m */,
				1CD57DCB19501CCF00FB647C /* ASICloudFilesContainerRequest.h */,
				1CD57DCC19501CCF00FB647C /* ASICloudFilesContainerRequest.m */,
				1CD57DCD19501CCF00FB647C /* ASICloudFilesContainerXMLParserDelegate.h */,
				1CD57DCE19501CCF00FB647C /* ASICloudFilesContainerXMLParserDelegate.m */,
				1CD57DCF19501CCF00FB647C /* ASICloudFilesObject.h */,
				1CD57DD019501CCF00FB647C /* ASICloudFilesObject.m */,
				1CD57DD119501CCF00FB647C /* ASICloudFilesObjectRequest.h */,
				1CD57DD219501CCF00FB647C /* ASICloudFilesObjectRequest.m */,
				1CD57DD319501CCF00FB647C /* ASICloudFilesRequest.h */,
				1CD57DD419501CCF00FB647C /* ASICloudFilesRequest.m */,
			);
			path = CloudFiles;
			sourceTree = "<group>";
		};
		1CD57DD519501CCF00FB647C /* S3 */ = {
			isa = PBXGroup;
			children = (
				1CD57DD619501CCF00FB647C /* ASINSXMLParserCompat.h */,
				1CD57DD719501CCF00FB647C /* ASIS3Bucket.h */,
				1CD57DD819501CCF00FB647C /* ASIS3Bucket.m */,
				1CD57DD919501CCF00FB647C /* ASIS3BucketObject.h */,
				1CD57DDA19501CCF00FB647C /* ASIS3BucketObject.m */,
				1CD57DDB19501CCF00FB647C /* ASIS3BucketRequest.h */,
				1CD57DDC19501CCF00FB647C /* ASIS3BucketRequest.m */,
				1CD57DDD19501CCF00FB647C /* ASIS3ObjectRequest.h */,
				1CD57DDE19501CCF00FB647C /* ASIS3ObjectRequest.m */,
				1CD57DDF19501CCF00FB647C /* ASIS3Request.h */,
				1CD57DE019501CCF00FB647C /* ASIS3Request.m */,
				1CD57DE119501CCF00FB647C /* ASIS3ServiceRequest.h */,
				1CD57DE219501CCF00FB647C /* ASIS3ServiceRequest.m */,
			);
			path = S3;
			sourceTree = "<group>";
		};
		1CD57E0119501CCF00FB647C /* JSONKit */ = {
			isa = PBXGroup;
			children = (
				1CD57E0219501CCF00FB647C /* JSONKit.h */,
				1CD57E0319501CCF00FB647C /* JSONKit.m */,
			);
			path = JSONKit;
			sourceTree = "<group>";
		};
		1CD57E0419501CCF00FB647C /* Reachability */ = {
			isa = PBXGroup;
			children = (
				1CD57E0519501CCF00FB647C /* Reachability.h */,
				1CD57E0619501CCF00FB647C /* Reachability.m */,
			);
			path = Reachability;
			sourceTree = "<group>";
		};
/* End PBXGroup section */

/* Begin PBXNativeTarget section */
		1CD57C70194FE72800FB647C /* youKuDemo */ = {
			isa = PBXNativeTarget;
			buildConfigurationList = 1CD57CA3194FE72800FB647C /* Build configuration list for PBXNativeTarget "youKuDemo" */;
			buildPhases = (
				1CD57C6D194FE72800FB647C /* Sources */,
				1CD57C6E194FE72800FB647C /* Frameworks */,
				1CD57C6F194FE72800FB647C /* Resources */,
			);
			buildRules = (
			);
			dependencies = (
			);
			name = youKuDemo;
			productName = youKuDemo;
			productReference = 1CD57C71194FE72800FB647C /* youKuDemo.app */;
			productType = "com.apple.product-type.application";
		};
		1CD57C91194FE72800FB647C /* youKuDemoTests */ = {
			isa = PBXNativeTarget;
			buildConfigurationList = 1CD57CA6194FE72800FB647C /* Build configuration list for PBXNativeTarget "youKuDemoTests" */;
			buildPhases = (
				1CD57C8E194FE72800FB647C /* Sources */,
				1CD57C8F194FE72800FB647C /* Frameworks */,
				1CD57C90194FE72800FB647C /* Resources */,
			);
			buildRules = (
			);
			dependencies = (
				1CD57C98194FE72800FB647C /* PBXTargetDependency */,
			);
			name = youKuDemoTests;
			productName = youKuDemoTests;
			productReference = 1CD57C92194FE72800FB647C /* youKuDemoTests.xctest */;
			productType = "com.apple.product-type.bundle.unit-test";
		};
/* End PBXNativeTarget section */

/* Begin PBXProject section */
		1CD57C69194FE72800FB647C /* Project object */ = {
			isa = PBXProject;
			attributes = {
				LastUpgradeCheck = 0500;
				ORGANIZATIONNAME = vic;
				TargetAttributes = {
					1CD57C91194FE72800FB647C = {
						TestTargetID = 1CD57C70194FE72800FB647C;
					};
				};
			};
			buildConfigurationList = 1CD57C6C194FE72800FB647C /* Build configuration list for PBXProject "youKuDemo" */;
			compatibilityVersion = "Xcode 3.2";
			developmentRegion = English;
			hasScannedForEncodings = 0;
			knownRegions = (
				en,
				Base,
			);
			mainGroup = 1CD57C68194FE72800FB647C;
			productRefGroup = 1CD57C72194FE72800FB647C /* Products */;
			projectDirPath = "";
			projectRoot = "";
			targets = (
				1CD57C70194FE72800FB647C /* youKuDemo */,
				1CD57C91194FE72800FB647C /* youKuDemoTests */,
			);
		};
/* End PBXProject section */

/* Begin PBXResourcesBuildPhase section */
		1CD57C6F194FE72800FB647C /* Resources */ = {
			isa = PBXResourcesBuildPhase;
			buildActionMask = 2147483647;
			files = (
				1CD57C8D194FE72800FB647C /* Images.xcassets in Resources */,
				1CD57C7F194FE72800FB647C /* InfoPlist.strings in Resources */,
				1CD57C88194FE72800FB647C /* Main.storyboard in Resources */,
			);
			runOnlyForDeploymentPostprocessing = 0;
		};
		1CD57C90194FE72800FB647C /* Resources */ = {
			isa = PBXResourcesBuildPhase;
			buildActionMask = 2147483647;
			files = (
				1CD57C9E194FE72800FB647C /* InfoPlist.strings in Resources */,
			);
			runOnlyForDeploymentPostprocessing = 0;
		};
/* End PBXResourcesBuildPhase section */

/* Begin PBXSourcesBuildPhase section */
		1CD57C6D194FE72800FB647C /* Sources */ = {
			isa = PBXSourcesBuildPhase;
			buildActionMask = 2147483647;
			files = (
				1CBF423F19502370007EBA4C /* VICNetworkEngine.m in Sources */,
				1CD57E0D19501CD000FB647C /* ASIDataCompressor.m in Sources */,
				1CD57E1A19501CD000FB647C /* ASICloudFilesObjectRequest.m in Sources */,
				1CBF423919502370007EBA4C /* UIAlertView+MKNetworkKitAdditions.m in Sources */,
				1CD57E1F19501CD000FB647C /* ASIS3ObjectRequest.m in Sources */,
				1CD57C8B194FE72800FB647C /* ViewController.m in Sources */,
				1CD57C85194FE72800FB647C /* AppDelegate.m in Sources */,
				1CD57E1C19501CD000FB647C /* ASIS3Bucket.m in Sources */,
				1CD57E1519501CD000FB647C /* ASICloudFilesCDNRequest.m in Sources */,
				1CD57E0C19501CD000FB647C /* ASIAuthenticationDialog.m in Sources */,
				1CBF423E19502370007EBA4C /* VICCheckNetwork.m in Sources */,
				1CD57E1819501CD000FB647C /* ASICloudFilesContainerXMLParserDelegate.m in Sources */,
				1CD57E1619501CD000FB647C /* ASICloudFilesContainer.m in Sources */,
				1CBF423B19502370007EBA4C /* MKNetworkEngine.m in Sources */,
				1CD57E1419501CD000FB647C /* ASIWebPageRequest.m in Sources */,
				1CD57E2119501CD000FB647C /* ASIS3ServiceRequest.m in Sources */,
				1CBF423719502370007EBA4C /* NSDictionary+RequestEncoding.m in Sources */,
				1CD57E1919501CD000FB647C /* ASICloudFilesObject.m in Sources */,
				1CBF423819502370007EBA4C /* NSString+MKNetworkKitAdditions.m in Sources */,
				1CD57E1019501CD000FB647C /* ASIFormDataRequest.m in Sources */,
				1CBF424019502370007EBA4C /* VICNetworkOperation.m in Sources */,
				1CBF423C19502370007EBA4C /* MKNetworkOperation.m in Sources */,
				1CD57E0E19501CD000FB647C /* ASIDataDecompressor.m in Sources */,
				1CD57C81194FE72800FB647C /* main.m in Sources */,
				1CD57E1B19501CD000FB647C /* ASICloudFilesRequest.m in Sources */,
				1CBF423519502370007EBA4C /* NSData+MKBase64.m in Sources */,
				1CD57E2019501CD000FB647C /* ASIS3Request.m in Sources */,
				1CD57E3119501CD000FB647C /* JSONKit.m in Sources */,
				1CD57E1219501CD000FB647C /* ASIInputStream.m in Sources */,
				1CD57E1319501CD000FB647C /* ASINetworkQueue.m in Sources */,
				1CD57E3219501CD000FB647C /* Reachability.m in Sources */,
				1CBF423619502370007EBA4C /* NSDate+RFC1123.m in Sources */,
				1CD57E1119501CD000FB647C /* ASIHTTPRequest.m in Sources */,
				1CD57E1719501CD000FB647C /* ASICloudFilesContainerRequest.m in Sources */,
				1CD57E0F19501CD000FB647C /* ASIDownloadCache.m in Sources */,
				1CD57E1E19501CD000FB647C /* ASIS3BucketRequest.m in Sources */,
				1CD57E1D19501CD000FB647C /* ASIS3BucketObject.m in Sources */,
				1CBF423A19502370007EBA4C /* UIImageView+MKNetworkKitAdditions.m in Sources */,
				1C1DC05A1952ECEB00AEA029 /* videoViewController.m in Sources */,
				1CD57E0B19501CD000FB647C /* YoukuUploader.m in Sources */,
			);
			runOnlyForDeploymentPostprocessing = 0;
		};
		1CD57C8E194FE72800FB647C /* Sources */ = {
			isa = PBXSourcesBuildPhase;
			buildActionMask = 2147483647;
			files = (
				1CD57CA0194FE72800FB647C /* youKuDemoTests.m in Sources */,
			);
			runOnlyForDeploymentPostprocessing = 0;
		};
/* End PBXSourcesBuildPhase section */

/* Begin PBXTargetDependency section */
		1CD57C98194FE72800FB647C /* PBXTargetDependency */ = {
			isa = PBXTargetDependency;
			target = 1CD57C70194FE72800FB647C /* youKuDemo */;
			targetProxy = 1CD57C97194FE72800FB647C /* PBXContainerItemProxy */;
		};
/* End PBXTargetDependency section */

/* Begin PBXVariantGroup section */
		1CD57C7D194FE72800FB647C /* InfoPlist.strings */ = {
			isa = PBXVariantGroup;
			children = (
				1CD57C7E194FE72800FB647C /* en */,
			);
			name = InfoPlist.strings;
			sourceTree = "<group>";
		};
		1CD57C86194FE72800FB647C /* Main.storyboard */ = {
			isa = PBXVariantGroup;
			children = (
				1CD57C87194FE72800FB647C /* Base */,
			);
			name = Main.storyboard;
			sourceTree = "<group>";
		};
		1CD57C9C194FE72800FB647C /* InfoPlist.strings */ = {
			isa = PBXVariantGroup;
			children = (
				1CD57C9D194FE72800FB647C /* en */,
			);
			name = InfoPlist.strings;
			sourceTree = "<group>";
		};
/* End PBXVariantGroup section */

/* Begin XCBuildConfiguration section */
		1CD57CA1194FE72800FB647C /* Debug */ = {
			isa = XCBuildConfiguration;
			buildSettings = {
				ALWAYS_SEARCH_USER_PATHS = NO;
				ARCHS = "$(ARCHS_STANDARD_INCLUDING_64_BIT)";
				CLANG_CXX_LANGUAGE_STANDARD = "gnu++0x";
				CLANG_CXX_LIBRARY = "libc++";
				CLANG_ENABLE_MODULES = YES;
				CLANG_ENABLE_OBJC_ARC = YES;
				CLANG_WARN_BOOL_CONVERSION = YES;
				CLANG_WARN_CONSTANT_CONVERSION = YES;
				CLANG_WARN_DIRECT_OBJC_ISA_USAGE = YES_ERROR;
				CLANG_WARN_EMPTY_BODY = YES;
				CLANG_WARN_ENUM_CONVERSION = YES;
				CLANG_WARN_INT_CONVERSION = YES;
				CLANG_WARN_OBJC_ROOT_CLASS = YES_ERROR;
				CLANG_WARN__DUPLICATE_METHOD_MATCH = YES;
				"CODE_SIGN_IDENTITY[sdk=iphoneos*]" = "iPhone Developer";
				COPY_PHASE_STRIP = NO;
				GCC_C_LANGUAGE_STANDARD = gnu99;
				GCC_DYNAMIC_NO_PIC = NO;
				GCC_OPTIMIZATION_LEVEL = 0;
				GCC_PREPROCESSOR_DEFINITIONS = (
					"DEBUG=1",
					"$(inherited)",
				);
				GCC_SYMBOLS_PRIVATE_EXTERN = NO;
				GCC_WARN_64_TO_32_BIT_CONVERSION = YES;
				GCC_WARN_ABOUT_RETURN_TYPE = YES_ERROR;
				GCC_WARN_UNDECLARED_SELECTOR = YES;
				GCC_WARN_UNINITIALIZED_AUTOS = YES;
				GCC_WARN_UNUSED_FUNCTION = YES;
				GCC_WARN_UNUSED_VARIABLE = YES;
				IPHONEOS_DEPLOYMENT_TARGET = 7.0;
				ONLY_ACTIVE_ARCH = YES;
				SDKROOT = iphoneos;
			};
			name = Debug;
		};
		1CD57CA2194FE72800FB647C /* Release */ = {
			isa = XCBuildConfiguration;
			buildSettings = {
				ALWAYS_SEARCH_USER_PATHS = NO;
				ARCHS = "$(ARCHS_STANDARD_INCLUDING_64_BIT)";
				CLANG_CXX_LANGUAGE_STANDARD = "gnu++0x";
				CLANG_CXX_LIBRARY = "libc++";
				CLANG_ENABLE_MODULES = YES;
				CLANG_ENABLE_OBJC_ARC = YES;
				CLANG_WARN_BOOL_CONVERSION = YES;
				CLANG_WARN_CONSTANT_CONVERSION = YES;
				CLANG_WARN_DIRECT_OBJC_ISA_USAGE = YES_ERROR;
				CLANG_WARN_EMPTY_BODY = YES;
				CLANG_WARN_ENUM_CONVERSION = YES;
				CLANG_WARN_INT_CONVERSION = YES;
				CLANG_WARN_OBJC_ROOT_CLASS = YES_ERROR;
				CLANG_WARN__DUPLICATE_METHOD_MATCH = YES;
				"CODE_SIGN_IDENTITY[sdk=iphoneos*]" = "iPhone Developer";
				COPY_PHASE_STRIP = YES;
				ENABLE_NS_ASSERTIONS = NO;
				GCC_C_LANGUAGE_STANDARD = gnu99;
				GCC_WARN_64_TO_32_BIT_CONVERSION = YES;
				GCC_WARN_ABOUT_RETURN_TYPE = YES_ERROR;
				GCC_WARN_UNDECLARED_SELECTOR = YES;
				GCC_WARN_UNINITIALIZED_AUTOS = YES;
				GCC_WARN_UNUSED_FUNCTION = YES;
				GCC_WARN_UNUSED_VARIABLE = YES;
				IPHONEOS_DEPLOYMENT_TARGET = 7.0;
				SDKROOT = iphoneos;
				VALIDATE_PRODUCT = YES;
			};
			name = Release;
		};
		1CD57CA4194FE72800FB647C /* Debug */ = {
			isa = XCBuildConfiguration;
			buildSettings = {
				ASSETCATALOG_COMPILER_APPICON_NAME = AppIcon;
				ASSETCATALOG_COMPILER_LAUNCHIMAGE_NAME = LaunchImage;
				CODE_SIGN_IDENTITY = "iPhone Developer: Xiao Dong Yang (UR6F5JBML6)";
				GCC_PRECOMPILE_PREFIX_HEADER = YES;
				GCC_PREFIX_HEADER = "youKuDemo/youKuDemo-Prefix.pch";
				HEADER_SEARCH_PATHS = (
					"$(inherited)",
					/Applications/Xcode.app/Contents/Developer/Toolchains/XcodeDefault.xctoolchain/usr/include,
					/usr/include/libxml2,
				);
				INFOPLIST_FILE = "youKuDemo/youKuDemo-Info.plist";
				LIBRARY_SEARCH_PATHS = (
					"$(inherited)",
					/Users/vic/Documents/youKuDemo,
				);
				PRODUCT_NAME = "$(TARGET_NAME)";
				PROVISIONING_PROFILE = "FF483DB5-2266-49AD-AA1E-14372E34760A";
				WRAPPER_EXTENSION = app;
			};
			name = Debug;
		};
		1CD57CA5194FE72800FB647C /* Release */ = {
			isa = XCBuildConfiguration;
			buildSettings = {
				ASSETCATALOG_COMPILER_APPICON_NAME = AppIcon;
				ASSETCATALOG_COMPILER_LAUNCHIMAGE_NAME = LaunchImage;
				CODE_SIGN_IDENTITY = "iPhone Developer: Xiao Dong Yang (UR6F5JBML6)";
				GCC_PRECOMPILE_PREFIX_HEADER = YES;
				GCC_PREFIX_HEADER = "youKuDemo/youKuDemo-Prefix.pch";
				HEADER_SEARCH_PATHS = (
					"$(inherited)",
					/Applications/Xcode.app/Contents/Developer/Toolchains/XcodeDefault.xctoolchain/usr/include,
					/usr/include/libxml2,
				);
				INFOPLIST_FILE = "youKuDemo/youKuDemo-Info.plist";
				LIBRARY_SEARCH_PATHS = (
					"$(inherited)",
					/Users/vic/Documents/youKuDemo,
				);
				PRODUCT_NAME = "$(TARGET_NAME)";
				PROVISIONING_PROFILE = "FF483DB5-2266-49AD-AA1E-14372E34760A";
				WRAPPER_EXTENSION = app;
			};
			name = Release;
		};
		1CD57CA7194FE72800FB647C /* Debug */ = {
			isa = XCBuildConfiguration;
			buildSettings = {
				ARCHS = "$(ARCHS_STANDARD_INCLUDING_64_BIT)";
				BUNDLE_LOADER = "$(BUILT_PRODUCTS_DIR)/youKuDemo.app/youKuDemo";
				FRAMEWORK_SEARCH_PATHS = (
					"$(SDKROOT)/Developer/Library/Frameworks",
					"$(inherited)",
					"$(DEVELOPER_FRAMEWORKS_DIR)",
				);
				GCC_PRECOMPILE_PREFIX_HEADER = YES;
				GCC_PREFIX_HEADER = "youKuDemo/youKuDemo-Prefix.pch";
				GCC_PREPROCESSOR_DEFINITIONS = (
					"DEBUG=1",
					"$(inherited)",
				);
				INFOPLIST_FILE = "youKuDemoTests/youKuDemoTests-Info.plist";
				PRODUCT_NAME = "$(TARGET_NAME)";
				TEST_HOST = "$(BUNDLE_LOADER)";
				WRAPPER_EXTENSION = xctest;
			};
			name = Debug;
		};
		1CD57CA8194FE72800FB647C /* Release */ = {
			isa = XCBuildConfiguration;
			buildSettings = {
				ARCHS = "$(ARCHS_STANDARD_INCLUDING_64_BIT)";
				BUNDLE_LOADER = "$(BUILT_PRODUCTS_DIR)/youKuDemo.app/youKuDemo";
				FRAMEWORK_SEARCH_PATHS = (
					"$(SDKROOT)/Developer/Library/Frameworks",
					"$(inherited)",
					"$(DEVELOPER_FRAMEWORKS_DIR)",
				);
				GCC_PRECOMPILE_PREFIX_HEADER = YES;
				GCC_PREFIX_HEADER = "youKuDemo/youKuDemo-Prefix.pch";
				INFOPLIST_FILE = "youKuDemoTests/youKuDemoTests-Info.plist";
				PRODUCT_NAME = "$(TARGET_NAME)";
				TEST_HOST = "$(BUNDLE_LOADER)";
				WRAPPER_EXTENSION = xctest;
			};
			name = Release;
		};
/* End XCBuildConfiguration section */

/* Begin XCConfigurationList section */
		1CD57C6C194FE72800FB647C /* Build configuration list for PBXProject "youKuDemo" */ = {
			isa = XCConfigurationList;
			buildConfigurations = (
				1CD57CA1194FE72800FB647C /* Debug */,
				1CD57CA2194FE72800FB647C /* Release */,
			);
			defaultConfigurationIsVisible = 0;
			defaultConfigurationName = Release;
		};
		1CD57CA3194FE72800FB647C /* Build configuration list for PBXNativeTarget "youKuDemo" */ = {
			isa = XCConfigurationList;
			buildConfigurations = (
				1CD57CA4194FE72800FB647C /* Debug */,
				1CD57CA5194FE72800FB647C /* Release */,
			);
			defaultConfigurationIsVisible = 0;
			defaultConfigurationName = Release;
		};
		1CD57CA6194FE72800FB647C /* Build configuration list for PBXNativeTarget "youKuDemoTests" */ = {
			isa = XCConfigurationList;
			buildConfigurations = (
				1CD57CA7194FE72800FB647C /* Debug */,
				1CD57CA8194FE72800FB647C /* Release */,
			);
			defaultConfigurationIsVisible = 0;
			defaultConfigurationName = Release;
		};
/* End XCConfigurationList section */
	};
	rootObject = 1CD57C69194FE72800FB647C /* Project object */;
}
