// !$*UTF8*$!
{
	archiveVersion = 1;
	classes = {
	};
	objectVersion = 46;
	objects = {

/* Begin PBXBuildFile section */
		1CD57C75194FE72800FB647C /* Foundation.framework in Frameworks */ = {isa = PBXBuildFile; fileRef = 1CD57C74194FE72800FB647C /* Foundation.framework */; };
		1CD57C77194FE72800FB647C /* CoreGraphics.framework in Frameworks */ = {isa = PBXBuildFile; fileRef = 1CD57C76194FE72800FB647C /* CoreGraphics.framework */; };
		1CD57C79194FE72800FB647C /* UIKit.framework in Frameworks */ = {isa = PBXBuildFile; fileRef = 1CD57C78194FE72800FB647C /* UIKit.framework */; };
		1CD57C7F194FE72800FB647C /* InfoPlist.strings in Resources */ = {isa = PBXBuildFile; fileRef = 1CD57C7D194FE72800FB647C /* InfoPlist.strings */; };
		1CD57C81194FE72800FB647C /* main.m in Sources */ = {isa = PBXBuildFile; fileRef = 1CD57C80194FE72800FB647C /* main.m */; };
		1CD57C85194FE72800FB647C /* AppDelegate.m in Sources */ = {isa = PBXBuildFile; fileRef = 1CD57C84194FE72800FB647C /* AppDelegate.m */; };
		1CD57C88194FE72800FB647C /* Main.storyboard in Resources */ = {isa = PBXBuildFile; fileRef = 1CD57C86194FE72800FB647C /* Main.storyboard */; };
		1CD57C8B194FE72800FB647C /* ViewController.m in Sources */ = {isa = PBXBuildFile; fileRef = 1CD57C8A194FE72800FB647C /* ViewController.m */; };
		1CD57C8D194FE72800FB647C /* Images.xcassets in Resources */ = {isa = PBXBuildFile; fileRef = 1CD57C8C194FE72800FB647C /* Images.xcassets */; };
		1CD57C94194FE72800FB647C /* XCTest.framework in Frameworks */ = {isa = PBXBuildFile; fileRef = 1CD57C93194FE72800FB647C /* XCTest.framework */; };
		1CD57C95194FE72800FB647C /* Foundation.framework in Frameworks */ = {isa = PBXBuildFile; fileRef = 1CD57C74194FE72800FB647C /* Foundation.framework */; };
		1CD57C96194FE72800FB647C /* UIKit.framework in Frameworks */ = {isa = PBXBuildFile; fileRef = 1CD57C78194FE72800FB647C /* UIKit.framework */; };
		1CD57C9E194FE72800FB647C /* InfoPlist.strings in Resources */ = {isa = PBXBuildFile; fileRef = 1CD57C9C194FE72800FB647C /* InfoPlist.strings */; };
		1CD57CA0194FE72800FB647C /* youKuDemoTests.m in Sources */ = {isa = PBXBuildFile; fileRef = 1CD57C9F194FE72800FB647C /* youKuDemoTests.m */; };
/* End PBXBuildFile section */

/* Begin PBXContainerItemProxy section */
		1CD57C97194FE72800FB647C /* PBXContainerItemProxy */ = {
			isa = PBXContainerItemProxy;
			containerPortal = 1CD57C69194FE72800FB647C /* Project object */;
			proxyType = 1;
			remoteGlobalIDString = 1CD57C70194FE72800FB647C;
			remoteInfo = youKuDemo;
		};
/* End PBXContainerItemProxy section */

/* Begin PBXFileReference section */
		1CD57C71194FE72800FB647C /* youKuDemo.app */ = {isa = PBXFileReference; explicitFileType = wrapper.application; includeInIndex = 0; path = youKuDemo.app; sourceTree = BUILT_PRODUCTS_DIR; };
		1CD57C74194FE72800FB647C /* Foundation.framework */ = {isa = PBXFileReference; lastKnownFileType = wrapper.framework; name = Foundation.framework; path = System/Library/Frameworks/Foundation.framework; sourceTree = SDKROOT; };
		1CD57C76194FE72800FB647C /* CoreGraphics.framework */ = {isa = PBXFileReference; lastKnownFileType = wrapper.framework; name = CoreGraphics.framework; path = System/Library/Frameworks/CoreGraphics.framework; sourceTree = SDKROOT; };
		1CD57C78194FE72800FB647C /* UIKit.framework */ = {isa = PBXFileReference; lastKnownFileType = wrapper.framework; name = UIKit.framework; path = System/Library/Frameworks/UIKit.framework; sourceTree = SDKROOT; };
		1CD57C7C194FE72800FB647C /* youKuDemo-Info.plist */ = {isa = PBXFileReference; lastKnownFileType = text.plist.xml; path = "youKuDemo-Info.plist"; sourceTree = "<group>"; };
		1CD57C7E194FE72800FB647C /* en */ = {isa = PBXFileReference; lastKnownFileType = text.plist.strings; name = en; path = en.lproj/InfoPlist.strings; sourceTree = "<group>"; };
		1CD57C80194FE72800FB647C /* main.m */ = {isa = PBXFileReference; lastKnownFileType = sourcecode.c.objc; path = main.m; sourceTree = "<group>"; };
		1CD57C82194FE72800FB647C /* youKuDemo-Prefix.pch */ = {isa = PBXFileReference; lastKnownFileType = sourcecode.c.h; path = "youKuDemo-Prefix.pch"; sourceTree = "<group>"; };
		1CD57C83194FE72800FB647C /* AppDelegate.h */ = {isa = PBXFileReference; lastKnownFileType = sourcecode.c.h; path = AppDelegate.h; sourceTree = "<group>"; };
		1CD57C84194FE72800FB647C /* AppDelegate.m */ = {isa = PBXFileReference; lastKnownFileType = sourcecode.c.objc; path = AppDelegate.m; sourceTree = "<group>"; };
		1CD57C87194FE72800FB647C /* Base */ = {isa = PBXFileReference; lastKnownFileType = file.storyboard; name = Base; path = Base.lproj/Main.storyboard; sourceTree = "<group>"; };
		1CD57C89194FE72800FB647C /* ViewController.h */ = {isa = PBXFileReference; lastKnownFileType = sourcecode.c.h; path = ViewController.h; sourceTree = "<group>"; };
		1CD57C8A194FE72800FB647C /* ViewController.m */ = {isa = PBXFileReference; lastKnownFileType = sourcecode.c.objc; path = ViewController.m; sourceTree = "<group>"; };
		1CD57C8C194FE72800FB647C /* Images.xcassets */ = {isa = PBXFileReference; lastKnownFileType = folder.assetcatalog; path = Images.xcassets; sourceTree = "<group>"; };
		1CD57C92194FE72800FB647C /* youKuDemoTests.xctest */ = {isa = PBXFileReference; explicitFileType = wrapper.cfbundle; includeInIndex = 0; path = youKuDemoTests.xctest; sourceTree = BUILT_PRODUCTS_DIR; };
		1CD57C93194FE72800FB647C /* XCTest.framework */ = {isa = PBXFileReference; lastKnownFileType = wrapper.framework; name = XCTest.framework; path = Library/Frameworks/XCTest.framework; sourceTree = DEVELOPER_DIR; };
		1CD57C9B194FE72800FB647C /* youKuDemoTests-Info.plist */ = {isa = PBXFileReference; lastKnownFileType = text.plist.xml; path = "youKuDemoTests-Info.plist"; sourceTree = "<group>"; };
		1CD57C9D194FE72800FB647C /* en */ = {isa = PBXFileReference; lastKnownFileType = text.plist.strings; name = en; path = en.lproj/InfoPlist.strings; sourceTree = "<group>"; };
		1CD57C9F194FE72800FB647C /* youKuDemoTests.m */ = {isa = PBXFileReference; lastKnownFileType = sourcecode.c.objc; path = youKuDemoTests.m; sourceTree = "<group>"; };
/* End PBXFileReference section */

/* Begin PBXFrameworksBuildPhase section */
		1CD57C6E194FE72800FB647C /* Frameworks */ = {
			isa = PBXFrameworksBuildPhase;
			buildActionMask = 2147483647;
			files = (
				1CD57C77194FE72800FB647C /* CoreGraphics.framework in Frameworks */,
				1CD57C79194FE72800FB647C /* UIKit.framework in Frameworks */,
				1CD57C75194FE72800FB647C /* Foundation.framework in Frameworks */,
			);
			runOnlyForDeploymentPostprocessing = 0;
		};
		1CD57C8F194FE72800FB647C /* Frameworks */ = {
			isa = PBXFrameworksBuildPhase;
			buildActionMask = 2147483647;
			files = (
				1CD57C94194FE72800FB647C /* XCTest.framework in Frameworks */,
				1CD57C96194FE72800FB647C /* UIKit.framework in Frameworks */,
				1CD57C95194FE72800FB647C /* Foundation.framework in Frameworks */,
			);
			runOnlyForDeploymentPostprocessing = 0;
		};
/* End PBXFrameworksBuildPhase section */

/* Begin PBXGroup section */
		1CD57C68194FE72800FB647C = {
			isa = PBXGroup;
			children = (
				1CD57C7A194FE72800FB647C /* youKuDemo */,
				1CD57C99194FE72800FB647C /* youKuDemoTests */,
				1CD57C73194FE72800FB647C /* Frameworks */,
				1CD57C72194FE72800FB647C /* Products */,
			);
			sourceTree = "<group>";
		};
		1CD57C72194FE72800FB647C /* Products */ = {
			isa = PBXGroup;
			children = (
				1CD57C71194FE72800FB647C /* youKuDemo.app */,
				1CD57C92194FE72800FB647C /* youKuDemoTests.xctest */,
			);
			name = Products;
			sourceTree = "<group>";
		};
		1CD57C73194FE72800FB647C /* Frameworks */ = {
			isa = PBXGroup;
			children = (
				1CD57C74194FE72800FB647C /* Foundation.framework */,
				1CD57C76194FE72800FB647C /* CoreGraphics.framework */,
				1CD57C78194FE72800FB647C /* UIKit.framework */,
				1CD57C93194FE72800FB647C /* XCTest.framework */,
			);
			name = Frameworks;
			sourceTree = "<group>";
		};
		1CD57C7A194FE72800FB647C /* youKuDemo */ = {
			isa = PBXGroup;
			children = (
				1CD57C83194FE72800FB647C /* AppDelegate.h */,
				1CD57C84194FE72800FB647C /* AppDelegate.m */,
				1CD57C86194FE72800FB647C /* Main.storyboard */,
				1CD57C89194FE72800FB647C /* ViewController.h */,
				1CD57C8A194FE72800FB647C /* ViewController.m */,
				1CD57C8C194FE72800FB647C /* Images.xcassets */,
				1CD57C7B194FE72800FB647C /* Supporting Files */,
			);
			path = youKuDemo;
			sourceTree = "<group>";
		};
		1CD57C7B194FE72800FB647C /* Supporting Files */ = {
			isa = PBXGroup;
			children = (
				1CD57C7C194FE72800FB647C /* youKuDemo-Info.plist */,
				1CD57C7D194FE72800FB647C /* InfoPlist.strings */,
				1CD57C80194FE72800FB647C /* main.m */,
				1CD57C82194FE72800FB647C /* youKuDemo-Prefix.pch */,
			);
			name = "Supporting Files";
			sourceTree = "<group>";
		};
		1CD57C99194FE72800FB647C /* youKuDemoTests */ = {
			isa = PBXGroup;
			children = (
				1CD57C9F194FE72800FB647C /* youKuDemoTests.m */,
				1CD57C9A194FE72800FB647C /* Supporting Files */,
			);
			path = youKuDemoTests;
			sourceTree = "<group>";
		};
		1CD57C9A194FE72800FB647C /* Supporting Files */ = {
			isa = PBXGroup;
			children = (
				1CD57C9B194FE72800FB647C /* youKuDemoTests-Info.plist */,
				1CD57C9C194FE72800FB647C /* InfoPlist.strings */,
			);
			name = "Supporting Files";
			sourceTree = "<group>";
		};
/* End PBXGroup section */

/* Begin PBXNativeTarget section */
		1CD57C70194FE72800FB647C /* youKuDemo */ = {
			isa = PBXNativeTarget;
			buildConfigurationList = 1CD57CA3194FE72800FB647C /* Build configuration list for PBXNativeTarget "youKuDemo" */;
			buildPhases = (
				1CD57C6D194FE72800FB647C /* Sources */,
				1CD57C6E194FE72800FB647C /* Frameworks */,
				1CD57C6F194FE72800FB647C /* Resources */,
			);
			buildRules = (
			);
			dependencies = (
			);
			name = youKuDemo;
			productName = youKuDemo;
			productReference = 1CD57C71194FE72800FB647C /* youKuDemo.app */;
			productType = "com.apple.product-type.application";
		};
		1CD57C91194FE72800FB647C /* youKuDemoTests */ = {
			isa = PBXNativeTarget;
			buildConfigurationList = 1CD57CA6194FE72800FB647C /* Build configuration list for PBXNativeTarget "youKuDemoTests" */;
			buildPhases = (
				1CD57C8E194FE72800FB647C /* Sources */,
				1CD57C8F194FE72800FB647C /* Frameworks */,
				1CD57C90194FE72800FB647C /* Resources */,
			);
			buildRules = (
			);
			dependencies = (
				1CD57C98194FE72800FB647C /* PBXTargetDependency */,
			);
			name = youKuDemoTests;
			productName = youKuDemoTests;
			productReference = 1CD57C92194FE72800FB647C /* youKuDemoTests.xctest */;
			productType = "com.apple.product-type.bundle.unit-test";
		};
/* End PBXNativeTarget section */

/* Begin PBXProject section */
		1CD57C69194FE72800FB647C /* Project object */ = {
			isa = PBXProject;
			attributes = {
				LastUpgradeCheck = 0500;
				ORGANIZATIONNAME = vic;
				TargetAttributes = {
					1CD57C91194FE72800FB647C = {
						TestTargetID = 1CD57C70194FE72800FB647C;
					};
				};
			};
			buildConfigurationList = 1CD57C6C194FE72800FB647C /* Build configuration list for PBXProject "youKuDemo" */;
			compatibilityVersion = "Xcode 3.2";
			developmentRegion = English;
			hasScannedForEncodings = 0;
			knownRegions = (
				en,
				Base,
			);
			mainGroup = 1CD57C68194FE72800FB647C;
			productRefGroup = 1CD57C72194FE72800FB647C /* Products */;
			projectDirPath = "";
			projectRoot = "";
			targets = (
				1CD57C70194FE72800FB647C /* youKuDemo */,
				1CD57C91194FE72800FB647C /* youKuDemoTests */,
			);
		};
/* End PBXProject section */

/* Begin PBXResourcesBuildPhase section */
		1CD57C6F194FE72800FB647C /* Resources */ = {
			isa = PBXResourcesBuildPhase;
			buildActionMask = 2147483647;
			files = (
				1CD57C8D194FE72800FB647C /* Images.xcassets in Resources */,
				1CD57C7F194FE72800FB647C /* InfoPlist.strings in Resources */,
				1CD57C88194FE72800FB647C /* Main.storyboard in Resources */,
			);
			runOnlyForDeploymentPostprocessing = 0;
		};
		1CD57C90194FE72800FB647C /* Resources */ = {
			isa = PBXResourcesBuildPhase;
			buildActionMask = 2147483647;
			files = (
				1CD57C9E194FE72800FB647C /* InfoPlist.strings in Resources */,
			);
			runOnlyForDeploymentPostprocessing = 0;
		};
/* End PBXResourcesBuildPhase section */

/* Begin PBXSourcesBuildPhase section */
		1CD57C6D194FE72800FB647C /* Sources */ = {
			isa = PBXSourcesBuildPhase;
			buildActionMask = 2147483647;
			files = (
				1CD57C8B194FE72800FB647C /* ViewController.m in Sources */,
				1CD57C85194FE72800FB647C /* AppDelegate.m in Sources */,
				1CD57C81194FE72800FB647C /* main.m in Sources */,
			);
			runOnlyForDeploymentPostprocessing = 0;
		};
		1CD57C8E194FE72800FB647C /* Sources */ = {
			isa = PBXSourcesBuildPhase;
			buildActionMask = 2147483647;
			files = (
				1CD57CA0194FE72800FB647C /* youKuDemoTests.m in Sources */,
			);
			runOnlyForDeploymentPostprocessing = 0;
		};
/* End PBXSourcesBuildPhase section */

/* Begin PBXTargetDependency section */
		1CD57C98194FE72800FB647C /* PBXTargetDependency */ = {
			isa = PBXTargetDependency;
			target = 1CD57C70194FE72800FB647C /* youKuDemo */;
			targetProxy = 1CD57C97194FE72800FB647C /* PBXContainerItemProxy */;
		};
/* End PBXTargetDependency section */

/* Begin PBXVariantGroup section */
		1CD57C7D194FE72800FB647C /* InfoPlist.strings */ = {
			isa = PBXVariantGroup;
			children = (
				1CD57C7E194FE72800FB647C /* en */,
			);
			name = InfoPlist.strings;
			sourceTree = "<group>";
		};
		1CD57C86194FE72800FB647C /* Main.storyboard */ = {
			isa = PBXVariantGroup;
			children = (
				1CD57C87194FE72800FB647C /* Base */,
			);
			name = Main.storyboard;
			sourceTree = "<group>";
		};
		1CD57C9C194FE72800FB647C /* InfoPlist.strings */ = {
			isa = PBXVariantGroup;
			children = (
				1CD57C9D194FE72800FB647C /* en */,
			);
			name = InfoPlist.strings;
			sourceTree = "<group>";
		};
/* End PBXVariantGroup section */

/* Begin XCBuildConfiguration section */
		1CD57CA1194FE72800FB647C /* Debug */ = {
			isa = XCBuildConfiguration;
			buildSettings = {
				ALWAYS_SEARCH_USER_PATHS = NO;
				ARCHS = "$(ARCHS_STANDARD_INCLUDING_64_BIT)";
				CLANG_CXX_LANGUAGE_STANDARD = "gnu++0x";
				CLANG_CXX_LIBRARY = "libc++";
				CLANG_ENABLE_MODULES = YES;
				CLANG_ENABLE_OBJC_ARC = YES;
				CLANG_WARN_BOOL_CONVERSION = YES;
				CLANG_WARN_CONSTANT_CONVERSION = YES;
				CLANG_WARN_DIRECT_OBJC_ISA_USAGE = YES_ERROR;
				CLANG_WARN_EMPTY_BODY = YES;
				CLANG_WARN_ENUM_CONVERSION = YES;
				CLANG_WARN_INT_CONVERSION = YES;
				CLANG_WARN_OBJC_ROOT_CLASS = YES_ERROR;
				CLANG_WARN__DUPLICATE_METHOD_MATCH = YES;
				"CODE_SIGN_IDENTITY[sdk=iphoneos*]" = "iPhone Developer";
				COPY_PHASE_STRIP = NO;
				GCC_C_LANGUAGE_STANDARD = gnu99;
				GCC_DYNAMIC_NO_PIC = NO;
				GCC_OPTIMIZATION_LEVEL = 0;
				GCC_PREPROCESSOR_DEFINITIONS = (
					"DEBUG=1",
					"$(inherited)",
				);
				GCC_SYMBOLS_PRIVATE_EXTERN = NO;
				GCC_WARN_64_TO_32_BIT_CONVERSION = YES;
				GCC_WARN_ABOUT_RETURN_TYPE = YES_ERROR;
				GCC_WARN_UNDECLARED_SELECTOR = YES;
				GCC_WARN_UNINITIALIZED_AUTOS = YES;
				GCC_WARN_UNUSED_FUNCTION = YES;
				GCC_WARN_UNUSED_VARIABLE = YES;
				IPHONEOS_DEPLOYMENT_TARGET = 7.0;
				ONLY_ACTIVE_ARCH = YES;
				SDKROOT = iphoneos;
			};
			name = Debug;
		};
		1CD57CA2194FE72800FB647C /* Release */ = {
			isa = XCBuildConfiguration;
			buildSettings = {
				ALWAYS_SEARCH_USER_PATHS = NO;
				ARCHS = "$(ARCHS_STANDARD_INCLUDING_64_BIT)";
				CLANG_CXX_LANGUAGE_STANDARD = "gnu++0x";
				CLANG_CXX_LIBRARY = "libc++";
				CLANG_ENABLE_MODULES = YES;
				CLANG_ENABLE_OBJC_ARC = YES;
				CLANG_WARN_BOOL_CONVERSION = YES;
				CLANG_WARN_CONSTANT_CONVERSION = YES;
				CLANG_WARN_DIRECT_OBJC_ISA_USAGE = YES_ERROR;
				CLANG_WARN_EMPTY_BODY = YES;
				CLANG_WARN_ENUM_CONVERSION = YES;
				CLANG_WARN_INT_CONVERSION = YES;
				CLANG_WARN_OBJC_ROOT_CLASS = YES_ERROR;
				CLANG_WARN__DUPLICATE_METHOD_MATCH = YES;
				"CODE_SIGN_IDENTITY[sdk=iphoneos*]" = "iPhone Developer";
				COPY_PHASE_STRIP = YES;
				ENABLE_NS_ASSERTIONS = NO;
				GCC_C_LANGUAGE_STANDARD = gnu99;
				GCC_WARN_64_TO_32_BIT_CONVERSION = YES;
				GCC_WARN_ABOUT_RETURN_TYPE = YES_ERROR;
				GCC_WARN_UNDECLARED_SELECTOR = YES;
				GCC_WARN_UNINITIALIZED_AUTOS = YES;
				GCC_WARN_UNUSED_FUNCTION = YES;
				GCC_WARN_UNUSED_VARIABLE = YES;
				IPHONEOS_DEPLOYMENT_TARGET = 7.0;
				SDKROOT = iphoneos;
				VALIDATE_PRODUCT = YES;
			};
			name = Release;
		};
		1CD57CA4194FE72800FB647C /* Debug */ = {
			isa = XCBuildConfiguration;
			buildSettings = {
				ASSETCATALOG_COMPILER_APPICON_NAME = AppIcon;
				ASSETCATALOG_COMPILER_LAUNCHIMAGE_NAME = LaunchImage;
				GCC_PRECOMPILE_PREFIX_HEADER = YES;
				GCC_PREFIX_HEADER = "youKuDemo/youKuDemo-Prefix.pch";
				INFOPLIST_FILE = "youKuDemo/youKuDemo-Info.plist";
				PRODUCT_NAME = "$(TARGET_NAME)";
				WRAPPER_EXTENSION = app;
			};
			name = Debug;
		};
		1CD57CA5194FE72800FB647C /* Release */ = {
			isa = XCBuildConfiguration;
			buildSettings = {
				ASSETCATALOG_COMPILER_APPICON_NAME = AppIcon;
				ASSETCATALOG_COMPILER_LAUNCHIMAGE_NAME = LaunchImage;
				GCC_PRECOMPILE_PREFIX_HEADER = YES;
				GCC_PREFIX_HEADER = "youKuDemo/youKuDemo-Prefix.pch";
				INFOPLIST_FILE = "youKuDemo/youKuDemo-Info.plist";
				PRODUCT_NAME = "$(TARGET_NAME)";
				WRAPPER_EXTENSION = app;
			};
			name = Release;
		};
		1CD57CA7194FE72800FB647C /* Debug */ = {
			isa = XCBuildConfiguration;
			buildSettings = {
				ARCHS = "$(ARCHS_STANDARD_INCLUDING_64_BIT)";
				BUNDLE_LOADER = "$(BUILT_PRODUCTS_DIR)/youKuDemo.app/youKuDemo";
				FRAMEWORK_SEARCH_PATHS = (
					"$(SDKROOT)/Developer/Library/Frameworks",
					"$(inherited)",
					"$(DEVELOPER_FRAMEWORKS_DIR)",
				);
				GCC_PRECOMPILE_PREFIX_HEADER = YES;
				GCC_PREFIX_HEADER = "youKuDemo/youKuDemo-Prefix.pch";
				GCC_PREPROCESSOR_DEFINITIONS = (
					"DEBUG=1",
					"$(inherited)",
				);
				INFOPLIST_FILE = "youKuDemoTests/youKuDemoTests-Info.plist";
				PRODUCT_NAME = "$(TARGET_NAME)";
				TEST_HOST = "$(BUNDLE_LOADER)";
				WRAPPER_EXTENSION = xctest;
			};
			name = Debug;
		};
		1CD57CA8194FE72800FB647C /* Release */ = {
			isa = XCBuildConfiguration;
			buildSettings = {
				ARCHS = "$(ARCHS_STANDARD_INCLUDING_64_BIT)";
				BUNDLE_LOADER = "$(BUILT_PRODUCTS_DIR)/youKuDemo.app/youKuDemo";
				FRAMEWORK_SEARCH_PATHS = (
					"$(SDKROOT)/Developer/Library/Frameworks",
					"$(inherited)",
					"$(DEVELOPER_FRAMEWORKS_DIR)",
				);
				GCC_PRECOMPILE_PREFIX_HEADER = YES;
				GCC_PREFIX_HEADER = "youKuDemo/youKuDemo-Prefix.pch";
				INFOPLIST_FILE = "youKuDemoTests/youKuDemoTests-Info.plist";
				PRODUCT_NAME = "$(TARGET_NAME)";
				TEST_HOST = "$(BUNDLE_LOADER)";
				WRAPPER_EXTENSION = xctest;
			};
			name = Release;
		};
/* End XCBuildConfiguration section */

/* Begin XCConfigurationList section */
		1CD57C6C194FE72800FB647C /* Build configuration list for PBXProject "youKuDemo" */ = {
			isa = XCConfigurationList;
			buildConfigurations = (
				1CD57CA1194FE72800FB647C /* Debug */,
				1CD57CA2194FE72800FB647C /* Release */,
			);
			defaultConfigurationIsVisible = 0;
			defaultConfigurationName = Release;
		};
		1CD57CA3194FE72800FB647C /* Build configuration list for PBXNativeTarget "youKuDemo" */ = {
			isa = XCConfigurationList;
			buildConfigurations = (
				1CD57CA4194FE72800FB647C /* Debug */,
				1CD57CA5194FE72800FB647C /* Release */,
			);
			defaultConfigurationIsVisible = 0;
		};
		1CD57CA6194FE72800FB647C /* Build configuration list for PBXNativeTarget "youKuDemoTests" */ = {
			isa = XCConfigurationList;
			buildConfigurations = (
				1CD57CA7194FE72800FB647C /* Debug */,
				1CD57CA8194FE72800FB647C /* Release */,
			);
			defaultConfigurationIsVisible = 0;
		};
/* End XCConfigurationList section */
	};
	rootObject = 1CD57C69194FE72800FB647C /* Project object */;
}
